// !$*UTF8*$!
{
	archiveVersion = 1;
	classes = {
	};
	objectVersion = 46;
	objects = {

/* Begin PBXBuildFile section */
		33052DD40A362EA4791AD9B2 /* Pods_MuseJournalUITests.framework in Frameworks */ = {isa = PBXBuildFile; fileRef = E3E7CB444BB315261675180B /* Pods_MuseJournalUITests.framework */; };
		4C9D48766F937F7358DDEA01 /* Pods_MuseJournal.framework in Frameworks */ = {isa = PBXBuildFile; fileRef = 6BCFC55D740783B82CA09ED7 /* Pods_MuseJournal.framework */; };
		940EE95E1BCF280900270D66 /* MUSWallpaperManager.m in Sources */ = {isa = PBXBuildFile; fileRef = 940EE95D1BCF280900270D66 /* MUSWallpaperManager.m */; };
		9410A1431BDABFDD0078EBCE /* MUSMarkdownViewController.m in Sources */ = {isa = PBXBuildFile; fileRef = 9410A1421BDABFDD0078EBCE /* MUSMarkdownViewController.m */; };
		9410A1441BDAC0540078EBCE /* MUSMarkdownTableViewCell.m in Sources */ = {isa = PBXBuildFile; fileRef = 9410A13E1BDABCDB0078EBCE /* MUSMarkdownTableViewCell.m */; };
		941EFBF71BB9FB9C00D70257 /* main.m in Sources */ = {isa = PBXBuildFile; fileRef = 941EFBF61BB9FB9C00D70257 /* main.m */; };
		941EFC051BB9FB9C00D70257 /* LaunchScreen.storyboard in Resources */ = {isa = PBXBuildFile; fileRef = 941EFC031BB9FB9C00D70257 /* LaunchScreen.storyboard */; };
		941EFC101BB9FB9D00D70257 /* MuseJournalTests.m in Sources */ = {isa = PBXBuildFile; fileRef = 941EFC0F1BB9FB9D00D70257 /* MuseJournalTests.m */; };
		941EFC1B1BB9FB9D00D70257 /* MuseJournalUITests.m in Sources */ = {isa = PBXBuildFile; fileRef = 941EFC1A1BB9FB9D00D70257 /* MuseJournalUITests.m */; };
		941F25101BBC388F008C8120 /* MUSDataStore.m in Sources */ = {isa = PBXBuildFile; fileRef = 941F24F41BBC388F008C8120 /* MUSDataStore.m */; };
		941F25151BBC388F008C8120 /* MUSGreetingManager.m in Sources */ = {isa = PBXBuildFile; fileRef = 941F24FD1BBC388F008C8120 /* MUSGreetingManager.m */; };
		941F25161BBC388F008C8120 /* MUSIconAnimation.m in Sources */ = {isa = PBXBuildFile; fileRef = 941F24FF1BBC388F008C8120 /* MUSIconAnimation.m */; };
		941F25291BBC49FF008C8120 /* MUSEntryToolbar.m in Sources */ = {isa = PBXBuildFile; fileRef = 941F25271BBC49FF008C8120 /* MUSEntryToolbar.m */; };
		941F252A1BBC49FF008C8120 /* MUSEntryToolbar.xib in Resources */ = {isa = PBXBuildFile; fileRef = 941F25281BBC49FF008C8120 /* MUSEntryToolbar.xib */; };
		941F252E1BBC4A0E008C8120 /* MUSKeyboardTopBar.m in Sources */ = {isa = PBXBuildFile; fileRef = 941F252C1BBC4A0E008C8120 /* MUSKeyboardTopBar.m */; };
		941F252F1BBC4A0E008C8120 /* MUSKeyboardTopBar.xib in Resources */ = {isa = PBXBuildFile; fileRef = 941F252D1BBC4A0E008C8120 /* MUSKeyboardTopBar.xib */; };
		941F25381BBC4A3A008C8120 /* MUSSearchBarDelegate.m in Sources */ = {isa = PBXBuildFile; fileRef = 941F25371BBC4A3A008C8120 /* MUSSearchBarDelegate.m */; };
		941F253E1BBC4A50008C8120 /* UIColor+MUSColors.m in Sources */ = {isa = PBXBuildFile; fileRef = 941F253D1BBC4A50008C8120 /* UIColor+MUSColors.m */; };
		941F25411BBC4A63008C8120 /* MUSEntryTableViewCell.m in Sources */ = {isa = PBXBuildFile; fileRef = 941F25401BBC4A63008C8120 /* MUSEntryTableViewCell.m */; };
		941F25441BBC4A69008C8120 /* MUSImagelessEntryCell.m in Sources */ = {isa = PBXBuildFile; fileRef = 941F25431BBC4A69008C8120 /* MUSImagelessEntryCell.m */; };
		941F25471BBC4A71008C8120 /* MUSSongTableViewCell.m in Sources */ = {isa = PBXBuildFile; fileRef = 941F25461BBC4A71008C8120 /* MUSSongTableViewCell.m */; };
		941F254A1BBC4A8D008C8120 /* MuseApp.xcdatamodeld in Sources */ = {isa = PBXBuildFile; fileRef = 941F25481BBC4A8D008C8120 /* MuseApp.xcdatamodeld */; };
		941F254D1BBC4B12008C8120 /* UIImageView+ExtraMethods.m in Sources */ = {isa = PBXBuildFile; fileRef = 941F254C1BBC4B12008C8120 /* UIImageView+ExtraMethods.m */; };
		9421B9F41BC47CC300F33EAB /* MUSITunesClient.m in Sources */ = {isa = PBXBuildFile; fileRef = 9421B9F31BC47CC300F33EAB /* MUSITunesClient.m */; };
		9421B9FA1BC4AD7200F33EAB /* MUSNotificationManager.m in Sources */ = {isa = PBXBuildFile; fileRef = 9421B9F91BC4AD7200F33EAB /* MUSNotificationManager.m */; };
		942F25501BC7450C0004D806 /* LastWalkthroughViewController.m in Sources */ = {isa = PBXBuildFile; fileRef = 942F254F1BC7450C0004D806 /* LastWalkthroughViewController.m */; };
		94336B3E1BC5E25A00D86420 /* Walkthrough.storyboard in Resources */ = {isa = PBXBuildFile; fileRef = 94336B3D1BC5E25A00D86420 /* Walkthrough.storyboard */; };
		94336B411BC5E2DC00D86420 /* IntroViewController.m in Sources */ = {isa = PBXBuildFile; fileRef = 94336B401BC5E2DC00D86420 /* IntroViewController.m */; };
		94336B4E1BC60CB200D86420 /* MUSPageViewController.m in Sources */ = {isa = PBXBuildFile; fileRef = 94336B4D1BC60CB200D86420 /* MUSPageViewController.m */; };
		94385D761C06A3D100A07378 /* Assets.xcassets in Resources */ = {isa = PBXBuildFile; fileRef = 94385D751C06A3D100A07378 /* Assets.xcassets */; };
		944468761BD07449003B3F16 /* MUSShareManager.m in Sources */ = {isa = PBXBuildFile; fileRef = 944468751BD07449003B3F16 /* MUSShareManager.m */; };
		944842351C02BDAC006D05C4 /* UIViewController+MUSExtraMethods.m in Sources */ = {isa = PBXBuildFile; fileRef = 944842341C02BDAC006D05C4 /* UIViewController+MUSExtraMethods.m */; };
		944842381C02C26A006D05C4 /* EntryWalkthroughView.m in Sources */ = {isa = PBXBuildFile; fileRef = 944842371C02C26A006D05C4 /* EntryWalkthroughView.m */; };
		9448423B1C02E7D6006D05C4 /* MUSBlurOverlayViewController.m in Sources */ = {isa = PBXBuildFile; fileRef = 9448423A1C02E7D6006D05C4 /* MUSBlurOverlayViewController.m */; };
		9450A3EC1BCE1D8F00335606 /* MUSTagManager.m in Sources */ = {isa = PBXBuildFile; fileRef = 9450A3EB1BCE1D8F00335606 /* MUSTagManager.m */; };
		945E53551BC70AB900157085 /* MUSConstants.m in Sources */ = {isa = PBXBuildFile; fileRef = 945E53541BC70AB900157085 /* MUSConstants.m */; };
		9477D5B01BCEFF2E0059282F /* MUSWallPaperViewController.m in Sources */ = {isa = PBXBuildFile; fileRef = 9477D5AF1BCEFF2E0059282F /* MUSWallPaperViewController.m */; };
		949A643E1BD48CAE00614AB1 /* MUSAboutTableViewController.m in Sources */ = {isa = PBXBuildFile; fileRef = 949A643D1BD48CAE00614AB1 /* MUSAboutTableViewController.m */; };
		949A64411BD49A2D00614AB1 /* iTellAFriend.m in Sources */ = {isa = PBXBuildFile; fileRef = 949A64401BD49A2D00614AB1 /* iTellAFriend.m */; };
		94A892D11BD07A2F0049E25F /* MUSOpenSourceViewController.m in Sources */ = {isa = PBXBuildFile; fileRef = 94A892D01BD07A2F0049E25F /* MUSOpenSourceViewController.m */; };
		94AD69EE1BBDABA5009C5553 /* Song+CoreDataProperties.m in Sources */ = {isa = PBXBuildFile; fileRef = 94AD69E71BBDABA5009C5553 /* Song+CoreDataProperties.m */; };
		94AD69EF1BBDABA5009C5553 /* Song.m in Sources */ = {isa = PBXBuildFile; fileRef = 94AD69E91BBDABA5009C5553 /* Song.m */; };
		94AD69F01BBDABA5009C5553 /* Entry+CoreDataProperties.m in Sources */ = {isa = PBXBuildFile; fileRef = 94AD69EB1BBDABA5009C5553 /* Entry+CoreDataProperties.m */; };
		94AD69F11BBDABA5009C5553 /* Entry.m in Sources */ = {isa = PBXBuildFile; fileRef = 94AD69ED1BBDABA5009C5553 /* Entry.m */; };
		94B1FDB41CB181A000058E30 /* Semplicita Pro Medium.otf in Resources */ = {isa = PBXBuildFile; fileRef = 94B1FDB31CB1819300058E30 /* Semplicita Pro Medium.otf */; };
		94B313B91BBAF86200ECB1AD /* AppDelegate.m in Sources */ = {isa = PBXBuildFile; fileRef = 94B313B81BBAF86200ECB1AD /* AppDelegate.m */; };
		94B313C21BBAF86A00ECB1AD /* Entry+ExtraMethods.m in Sources */ = {isa = PBXBuildFile; fileRef = 94B313BF1BBAF86A00ECB1AD /* Entry+ExtraMethods.m */; };
		94B313F41BBAF88200ECB1AD /* Main.storyboard in Resources */ = {isa = PBXBuildFile; fileRef = 94B313C31BBAF88200ECB1AD /* Main.storyboard */; };
		94B313F81BBAF88200ECB1AD /* MUSAllEntriesViewController.m in Sources */ = {isa = PBXBuildFile; fileRef = 94B313CA1BBAF88200ECB1AD /* MUSAllEntriesViewController.m */; };
		94B313FB1BBAF88200ECB1AD /* MUSDetailEntryViewController.m in Sources */ = {isa = PBXBuildFile; fileRef = 94B313D01BBAF88200ECB1AD /* MUSDetailEntryViewController.m */; };
		94B313FD1BBAF88200ECB1AD /* MUSHomeViewController.m in Sources */ = {isa = PBXBuildFile; fileRef = 94B313D31BBAF88200ECB1AD /* MUSHomeViewController.m */; };
		94B313FE1BBAF88200ECB1AD /* MUSMusicPlayer.m in Sources */ = {isa = PBXBuildFile; fileRef = 94B313D51BBAF88200ECB1AD /* MUSMusicPlayer.m */; };
		94B313FF1BBAF88200ECB1AD /* MUSPlaylistViewController.m in Sources */ = {isa = PBXBuildFile; fileRef = 94B313D71BBAF88200ECB1AD /* MUSPlaylistViewController.m */; };
		94B314001BBAF88200ECB1AD /* MUSTimeFetcher.m in Sources */ = {isa = PBXBuildFile; fileRef = 94B313D91BBAF88200ECB1AD /* MUSTimeFetcher.m */; };
		94B314011BBAF88200ECB1AD /* NSAttributedString+MUSExtraMethods.m in Sources */ = {isa = PBXBuildFile; fileRef = 94B313DB1BBAF88200ECB1AD /* NSAttributedString+MUSExtraMethods.m */; };
		94B314021BBAF88200ECB1AD /* NSDate+ExtraMethods.m in Sources */ = {isa = PBXBuildFile; fileRef = 94B313DD1BBAF88200ECB1AD /* NSDate+ExtraMethods.m */; };
		94B314031BBAF88200ECB1AD /* NSSet+MUSExtraMethod.m in Sources */ = {isa = PBXBuildFile; fileRef = 94B313DF1BBAF88200ECB1AD /* NSSet+MUSExtraMethod.m */; };
		94B314041BBAF88200ECB1AD /* RKSwipeBetweenViewControllers.m in Sources */ = {isa = PBXBuildFile; fileRef = 94B313E11BBAF88200ECB1AD /* RKSwipeBetweenViewControllers.m */; };
		94B314071BBAF88200ECB1AD /* Song+MUSExtraMethods.m in Sources */ = {isa = PBXBuildFile; fileRef = 94B313E71BBAF88200ECB1AD /* Song+MUSExtraMethods.m */; };
		94B314081BBAF88200ECB1AD /* UIButton+ExtraMethods.m in Sources */ = {isa = PBXBuildFile; fileRef = 94B313E91BBAF88200ECB1AD /* UIButton+ExtraMethods.m */; };
		94B3140A1BBAF88200ECB1AD /* UIFont+MUSFonts.m in Sources */ = {isa = PBXBuildFile; fileRef = 94B313ED1BBAF88200ECB1AD /* UIFont+MUSFonts.m */; };
		94B3140C1BBAF88200ECB1AD /* UIImagePickerController+ExtraMethods.m in Sources */ = {isa = PBXBuildFile; fileRef = 94B313F11BBAF88200ECB1AD /* UIImagePickerController+ExtraMethods.m */; };
		94B314111BBAF97A00ECB1AD /* MUSActionView.m in Sources */ = {isa = PBXBuildFile; fileRef = 94B3140F1BBAF97A00ECB1AD /* MUSActionView.m */; };
		94B314121BBAF97A00ECB1AD /* MUSActionView.xib in Resources */ = {isa = PBXBuildFile; fileRef = 94B314101BBAF97A00ECB1AD /* MUSActionView.xib */; };
		94B42D0D1BD8056A004322F6 /* MUSStatsView.m in Sources */ = {isa = PBXBuildFile; fileRef = 94B42D0C1BD8056A004322F6 /* MUSStatsView.m */; };
		94B42D0F1BD80575004322F6 /* MUSStatsView.xib in Resources */ = {isa = PBXBuildFile; fileRef = 94B42D0E1BD80575004322F6 /* MUSStatsView.xib */; };
		94CEC5ED1C063D95002CD958 /* ADAM-CG PRO LIGHT.otf in Resources */ = {isa = PBXBuildFile; fileRef = 94CEC5EC1C063D95002CD958 /* ADAM-CG PRO LIGHT.otf */; };
		94D366EF1BD007800080A27B /* MUSTimelineUIManager.m in Sources */ = {isa = PBXBuildFile; fileRef = 94D366EE1BD007800080A27B /* MUSTimelineUIManager.m */; };
		94DFBBEB1BE045DB00374817 /* UIView+MUSExtraMethods.m in Sources */ = {isa = PBXBuildFile; fileRef = 94DFBBEA1BE045DB00374817 /* UIView+MUSExtraMethods.m */; };
		94E0234B1BBCDADD00404E90 /* UIImage+ExtraMethods.m in Sources */ = {isa = PBXBuildFile; fileRef = 94E0234A1BBCDADD00404E90 /* UIImage+ExtraMethods.m */; };
		94E180641BCDA344008023C5 /* MUSMoodViewController.m in Sources */ = {isa = PBXBuildFile; fileRef = 94E180631BCDA344008023C5 /* MUSMoodViewController.m */; };
		94EB3EDB1BBDDA790060AF28 /* Raleway-Light.ttf in Resources */ = {isa = PBXBuildFile; fileRef = 94EB3ED71BBDDA5C0060AF28 /* Raleway-Light.ttf */; };
		94EB3EDC1BBDDA790060AF28 /* Raleway-Medium.ttf in Resources */ = {isa = PBXBuildFile; fileRef = 94EB3ED81BBDDA5C0060AF28 /* Raleway-Medium.ttf */; };
		94EB3EDD1BBDDA790060AF28 /* Raleway-Regular.ttf in Resources */ = {isa = PBXBuildFile; fileRef = 94EB3ED91BBDDA5C0060AF28 /* Raleway-Regular.ttf */; };
		94EB3EDE1BBDDA790060AF28 /* Raleway-SemiBold.ttf in Resources */ = {isa = PBXBuildFile; fileRef = 94EB3EDA1BBDDA5C0060AF28 /* Raleway-SemiBold.ttf */; };
		94EB3EE11BBDE22D0060AF28 /* QuattrocentoSans-Italic.ttf in Resources */ = {isa = PBXBuildFile; fileRef = 94EB3EDF1BBDE2200060AF28 /* QuattrocentoSans-Italic.ttf */; };
		94EB3EE21BBDE22D0060AF28 /* QuattrocentoSans-Regular.ttf in Resources */ = {isa = PBXBuildFile; fileRef = 94EB3EE01BBDE2200060AF28 /* QuattrocentoSans-Regular.ttf */; };
		94EB3EE41BBDE4020060AF28 /* ADAM.CG PRO.otf in Resources */ = {isa = PBXBuildFile; fileRef = 94EB3EE31BBDE3F10060AF28 /* ADAM.CG PRO.otf */; };
		94F37E151BD5CEC800CD106C /* MUSMusicPlayerDataStore.m in Sources */ = {isa = PBXBuildFile; fileRef = 94F37E141BD5CEC800CD106C /* MUSMusicPlayerDataStore.m */; };
		94F493481BCF009500E8D719 /* MUSMoodCollectionViewCell.m in Sources */ = {isa = PBXBuildFile; fileRef = 94F493461BCF009500E8D719 /* MUSMoodCollectionViewCell.m */; };
		94F4934B1BCF02CE00E8D719 /* MUSWallpaperCollectionViewCell.m in Sources */ = {isa = PBXBuildFile; fileRef = 94F4934A1BCF02CE00E8D719 /* MUSWallpaperCollectionViewCell.m */; };
		94F6BE871BCCAF37009AFC2C /* MUSAutoPlayManager.m in Sources */ = {isa = PBXBuildFile; fileRef = 94F6BE861BCCAF37009AFC2C /* MUSAutoPlayManager.m */; };
		94F7E8EB1BBB4DBC00298CB2 /* MUSSettingsTableViewController.m in Sources */ = {isa = PBXBuildFile; fileRef = 94F7E8EA1BBB4DBC00298CB2 /* MUSSettingsTableViewController.m */; };
		94F7E8F01BBB5DE100298CB2 /* StoreKit.framework in Frameworks */ = {isa = PBXBuildFile; fileRef = 94F7E8EF1BBB5DE100298CB2 /* StoreKit.framework */; };
		CA0CCA6451F3EC98979E41F5 /* Pods_MuseJournalTests.framework in Frameworks */ = {isa = PBXBuildFile; fileRef = DDB57F574C088182C9FE905D /* Pods_MuseJournalTests.framework */; };
/* End PBXBuildFile section */

/* Begin PBXContainerItemProxy section */
		941EFC0C1BB9FB9D00D70257 /* PBXContainerItemProxy */ = {
			isa = PBXContainerItemProxy;
			containerPortal = 941EFBEA1BB9FB9C00D70257 /* Project object */;
			proxyType = 1;
			remoteGlobalIDString = 941EFBF11BB9FB9C00D70257;
			remoteInfo = MuseJournal;
		};
		941EFC171BB9FB9D00D70257 /* PBXContainerItemProxy */ = {
			isa = PBXContainerItemProxy;
			containerPortal = 941EFBEA1BB9FB9C00D70257 /* Project object */;
			proxyType = 1;
			remoteGlobalIDString = 941EFBF11BB9FB9C00D70257;
			remoteInfo = MuseJournal;
		};
/* End PBXContainerItemProxy section */

/* Begin PBXFileReference section */
		01C14202A142221AF8DED33F /* Pods-MuseJournalTests.release.xcconfig */ = {isa = PBXFileReference; includeInIndex = 1; lastKnownFileType = text.xcconfig; name = "Pods-MuseJournalTests.release.xcconfig"; path = "Pods/Target Support Files/Pods-MuseJournalTests/Pods-MuseJournalTests.release.xcconfig"; sourceTree = "<group>"; };
		2E59EF699D3F07E020469A41 /* Pods-MuseJournal.debug.xcconfig */ = {isa = PBXFileReference; includeInIndex = 1; lastKnownFileType = text.xcconfig; name = "Pods-MuseJournal.debug.xcconfig"; path = "Pods/Target Support Files/Pods-MuseJournal/Pods-MuseJournal.debug.xcconfig"; sourceTree = "<group>"; };
		51C25CA8022F0E47625AA7D0 /* Pods-MuseJournalTests.debug.xcconfig */ = {isa = PBXFileReference; includeInIndex = 1; lastKnownFileType = text.xcconfig; name = "Pods-MuseJournalTests.debug.xcconfig"; path = "Pods/Target Support Files/Pods-MuseJournalTests/Pods-MuseJournalTests.debug.xcconfig"; sourceTree = "<group>"; };
		6BCFC55D740783B82CA09ED7 /* Pods_MuseJournal.framework */ = {isa = PBXFileReference; explicitFileType = wrapper.framework; includeInIndex = 0; path = Pods_MuseJournal.framework; sourceTree = BUILT_PRODUCTS_DIR; };
		940EE95C1BCF280900270D66 /* MUSWallpaperManager.h */ = {isa = PBXFileReference; fileEncoding = 4; lastKnownFileType = sourcecode.c.h; path = MUSWallpaperManager.h; sourceTree = "<group>"; };
		940EE95D1BCF280900270D66 /* MUSWallpaperManager.m */ = {isa = PBXFileReference; fileEncoding = 4; lastKnownFileType = sourcecode.c.objc; path = MUSWallpaperManager.m; sourceTree = "<group>"; };
		9410A13E1BDABCDB0078EBCE /* MUSMarkdownTableViewCell.m */ = {isa = PBXFileReference; fileEncoding = 4; lastKnownFileType = sourcecode.c.objc; name = MUSMarkdownTableViewCell.m; path = MuseJournal/MUSMarkdownTableViewCell.m; sourceTree = SOURCE_ROOT; };
		9410A1411BDABFDD0078EBCE /* MUSMarkdownViewController.h */ = {isa = PBXFileReference; fileEncoding = 4; lastKnownFileType = sourcecode.c.h; path = MUSMarkdownViewController.h; sourceTree = "<group>"; };
		9410A1421BDABFDD0078EBCE /* MUSMarkdownViewController.m */ = {isa = PBXFileReference; fileEncoding = 4; lastKnownFileType = sourcecode.c.objc; path = MUSMarkdownViewController.m; sourceTree = "<group>"; };
		941EFBF21BB9FB9C00D70257 /* MuseJournal.app */ = {isa = PBXFileReference; explicitFileType = wrapper.application; includeInIndex = 0; path = MuseJournal.app; sourceTree = BUILT_PRODUCTS_DIR; };
		941EFBF61BB9FB9C00D70257 /* main.m */ = {isa = PBXFileReference; lastKnownFileType = sourcecode.c.objc; path = main.m; sourceTree = "<group>"; };
		941EFC041BB9FB9C00D70257 /* Base */ = {isa = PBXFileReference; lastKnownFileType = file.storyboard; name = Base; path = Base.lproj/LaunchScreen.storyboard; sourceTree = "<group>"; };
		941EFC061BB9FB9C00D70257 /* Info.plist */ = {isa = PBXFileReference; lastKnownFileType = text.plist.xml; path = Info.plist; sourceTree = "<group>"; };
		941EFC0B1BB9FB9D00D70257 /* MuseJournalTests.xctest */ = {isa = PBXFileReference; explicitFileType = wrapper.cfbundle; includeInIndex = 0; path = MuseJournalTests.xctest; sourceTree = BUILT_PRODUCTS_DIR; };
		941EFC0F1BB9FB9D00D70257 /* MuseJournalTests.m */ = {isa = PBXFileReference; lastKnownFileType = sourcecode.c.objc; path = MuseJournalTests.m; sourceTree = "<group>"; };
		941EFC111BB9FB9D00D70257 /* Info.plist */ = {isa = PBXFileReference; lastKnownFileType = text.plist.xml; path = Info.plist; sourceTree = "<group>"; };
		941EFC161BB9FB9D00D70257 /* MuseJournalUITests.xctest */ = {isa = PBXFileReference; explicitFileType = wrapper.cfbundle; includeInIndex = 0; path = MuseJournalUITests.xctest; sourceTree = BUILT_PRODUCTS_DIR; };
		941EFC1A1BB9FB9D00D70257 /* MuseJournalUITests.m */ = {isa = PBXFileReference; lastKnownFileType = sourcecode.c.objc; path = MuseJournalUITests.m; sourceTree = "<group>"; };
		941EFC1C1BB9FB9D00D70257 /* Info.plist */ = {isa = PBXFileReference; lastKnownFileType = text.plist.xml; path = Info.plist; sourceTree = "<group>"; };
		941F24F31BBC388F008C8120 /* MUSDataStore.h */ = {isa = PBXFileReference; fileEncoding = 4; lastKnownFileType = sourcecode.c.h; path = MUSDataStore.h; sourceTree = "<group>"; };
		941F24F41BBC388F008C8120 /* MUSDataStore.m */ = {isa = PBXFileReference; fileEncoding = 4; lastKnownFileType = sourcecode.c.objc; path = MUSDataStore.m; sourceTree = "<group>"; };
		941F24F91BBC388F008C8120 /* MUSEntryToolbar.h */ = {isa = PBXFileReference; fileEncoding = 4; lastKnownFileType = sourcecode.c.h; name = MUSEntryToolbar.h; path = MuseJournal/MUSEntryToolbar.h; sourceTree = "<group>"; };
		941F24FC1BBC388F008C8120 /* MUSGreetingManager.h */ = {isa = PBXFileReference; fileEncoding = 4; lastKnownFileType = sourcecode.c.h; path = MUSGreetingManager.h; sourceTree = "<group>"; };
		941F24FD1BBC388F008C8120 /* MUSGreetingManager.m */ = {isa = PBXFileReference; fileEncoding = 4; lastKnownFileType = sourcecode.c.objc; path = MUSGreetingManager.m; sourceTree = "<group>"; };
		941F24FE1BBC388F008C8120 /* MUSIconAnimation.h */ = {isa = PBXFileReference; fileEncoding = 4; lastKnownFileType = sourcecode.c.h; name = MUSIconAnimation.h; path = MuseJournal/MUSIconAnimation.h; sourceTree = SOURCE_ROOT; };
		941F24FF1BBC388F008C8120 /* MUSIconAnimation.m */ = {isa = PBXFileReference; fileEncoding = 4; lastKnownFileType = sourcecode.c.objc; name = MUSIconAnimation.m; path = MuseJournal/MUSIconAnimation.m; sourceTree = SOURCE_ROOT; };
		941F25271BBC49FF008C8120 /* MUSEntryToolbar.m */ = {isa = PBXFileReference; fileEncoding = 4; lastKnownFileType = sourcecode.c.objc; name = MUSEntryToolbar.m; path = MuseJournal/MUSEntryToolbar.m; sourceTree = SOURCE_ROOT; };
		941F25281BBC49FF008C8120 /* MUSEntryToolbar.xib */ = {isa = PBXFileReference; fileEncoding = 4; lastKnownFileType = file.xib; name = MUSEntryToolbar.xib; path = MuseJournal/MUSEntryToolbar.xib; sourceTree = SOURCE_ROOT; };
		941F252B1BBC4A0E008C8120 /* MUSKeyboardTopBar.h */ = {isa = PBXFileReference; fileEncoding = 4; lastKnownFileType = sourcecode.c.h; name = MUSKeyboardTopBar.h; path = MuseJournal/MUSKeyboardTopBar.h; sourceTree = SOURCE_ROOT; };
		941F252C1BBC4A0E008C8120 /* MUSKeyboardTopBar.m */ = {isa = PBXFileReference; fileEncoding = 4; lastKnownFileType = sourcecode.c.objc; name = MUSKeyboardTopBar.m; path = MuseJournal/MUSKeyboardTopBar.m; sourceTree = SOURCE_ROOT; };
		941F252D1BBC4A0E008C8120 /* MUSKeyboardTopBar.xib */ = {isa = PBXFileReference; fileEncoding = 4; lastKnownFileType = file.xib; name = MUSKeyboardTopBar.xib; path = MuseJournal/MUSKeyboardTopBar.xib; sourceTree = SOURCE_ROOT; };
		941F25361BBC4A3A008C8120 /* MUSSearchBarDelegate.h */ = {isa = PBXFileReference; fileEncoding = 4; lastKnownFileType = sourcecode.c.h; name = MUSSearchBarDelegate.h; path = MuseJournal/MUSSearchBarDelegate.h; sourceTree = SOURCE_ROOT; };
		941F25371BBC4A3A008C8120 /* MUSSearchBarDelegate.m */ = {isa = PBXFileReference; fileEncoding = 4; lastKnownFileType = sourcecode.c.objc; name = MUSSearchBarDelegate.m; path = MuseJournal/MUSSearchBarDelegate.m; sourceTree = SOURCE_ROOT; };
		941F253C1BBC4A50008C8120 /* UIColor+MUSColors.h */ = {isa = PBXFileReference; fileEncoding = 4; lastKnownFileType = sourcecode.c.h; name = "UIColor+MUSColors.h"; path = "MuseJournal/UIColor+MUSColors.h"; sourceTree = SOURCE_ROOT; };
		941F253D1BBC4A50008C8120 /* UIColor+MUSColors.m */ = {isa = PBXFileReference; fileEncoding = 4; lastKnownFileType = sourcecode.c.objc; name = "UIColor+MUSColors.m"; path = "MuseJournal/UIColor+MUSColors.m"; sourceTree = SOURCE_ROOT; };
		941F253F1BBC4A63008C8120 /* MUSEntryTableViewCell.h */ = {isa = PBXFileReference; fileEncoding = 4; lastKnownFileType = sourcecode.c.h; name = MUSEntryTableViewCell.h; path = MuseJournal/MUSEntryTableViewCell.h; sourceTree = SOURCE_ROOT; };
		941F25401BBC4A63008C8120 /* MUSEntryTableViewCell.m */ = {isa = PBXFileReference; fileEncoding = 4; lastKnownFileType = sourcecode.c.objc; name = MUSEntryTableViewCell.m; path = MuseJournal/MUSEntryTableViewCell.m; sourceTree = SOURCE_ROOT; };
		941F25421BBC4A69008C8120 /* MUSImagelessEntryCell.h */ = {isa = PBXFileReference; fileEncoding = 4; lastKnownFileType = sourcecode.c.h; name = MUSImagelessEntryCell.h; path = MuseJournal/MUSImagelessEntryCell.h; sourceTree = SOURCE_ROOT; };
		941F25431BBC4A69008C8120 /* MUSImagelessEntryCell.m */ = {isa = PBXFileReference; fileEncoding = 4; lastKnownFileType = sourcecode.c.objc; name = MUSImagelessEntryCell.m; path = MuseJournal/MUSImagelessEntryCell.m; sourceTree = SOURCE_ROOT; };
		941F25451BBC4A71008C8120 /* MUSSongTableViewCell.h */ = {isa = PBXFileReference; fileEncoding = 4; lastKnownFileType = sourcecode.c.h; name = MUSSongTableViewCell.h; path = MuseJournal/MUSSongTableViewCell.h; sourceTree = SOURCE_ROOT; };
		941F25461BBC4A71008C8120 /* MUSSongTableViewCell.m */ = {isa = PBXFileReference; fileEncoding = 4; lastKnownFileType = sourcecode.c.objc; name = MUSSongTableViewCell.m; path = MuseJournal/MUSSongTableViewCell.m; sourceTree = SOURCE_ROOT; };
		941F25491BBC4A8D008C8120 /* MuseApp.xcdatamodel */ = {isa = PBXFileReference; lastKnownFileType = wrapper.xcdatamodel; path = MuseApp.xcdatamodel; sourceTree = "<group>"; };
		941F254B1BBC4B12008C8120 /* UIImageView+ExtraMethods.h */ = {isa = PBXFileReference; fileEncoding = 4; lastKnownFileType = sourcecode.c.h; name = "UIImageView+ExtraMethods.h"; path = "MuseJournal/UIImageView+ExtraMethods.h"; sourceTree = SOURCE_ROOT; };
		941F254C1BBC4B12008C8120 /* UIImageView+ExtraMethods.m */ = {isa = PBXFileReference; fileEncoding = 4; lastKnownFileType = sourcecode.c.objc; name = "UIImageView+ExtraMethods.m"; path = "MuseJournal/UIImageView+ExtraMethods.m"; sourceTree = SOURCE_ROOT; };
		9421B9F21BC47CC300F33EAB /* MUSITunesClient.h */ = {isa = PBXFileReference; fileEncoding = 4; lastKnownFileType = sourcecode.c.h; path = MUSITunesClient.h; sourceTree = "<group>"; };
		9421B9F31BC47CC300F33EAB /* MUSITunesClient.m */ = {isa = PBXFileReference; fileEncoding = 4; lastKnownFileType = sourcecode.c.objc; path = MUSITunesClient.m; sourceTree = "<group>"; };
		9421B9F51BC47D0F00F33EAB /* MUSConstants.h */ = {isa = PBXFileReference; fileEncoding = 4; lastKnownFileType = sourcecode.c.h; path = MUSConstants.h; sourceTree = "<group>"; };
		9421B9F81BC4AD7200F33EAB /* MUSNotificationManager.h */ = {isa = PBXFileReference; fileEncoding = 4; lastKnownFileType = sourcecode.c.h; path = MUSNotificationManager.h; sourceTree = "<group>"; };
		9421B9F91BC4AD7200F33EAB /* MUSNotificationManager.m */ = {isa = PBXFileReference; fileEncoding = 4; lastKnownFileType = sourcecode.c.objc; path = MUSNotificationManager.m; sourceTree = "<group>"; };
		942F254E1BC7450C0004D806 /* LastWalkthroughViewController.h */ = {isa = PBXFileReference; fileEncoding = 4; lastKnownFileType = sourcecode.c.h; path = LastWalkthroughViewController.h; sourceTree = "<group>"; };
		942F254F1BC7450C0004D806 /* LastWalkthroughViewController.m */ = {isa = PBXFileReference; fileEncoding = 4; lastKnownFileType = sourcecode.c.objc; path = LastWalkthroughViewController.m; sourceTree = "<group>"; };
		94336B3D1BC5E25A00D86420 /* Walkthrough.storyboard */ = {isa = PBXFileReference; fileEncoding = 4; lastKnownFileType = file.storyboard; path = Walkthrough.storyboard; sourceTree = "<group>"; };
		94336B3F1BC5E2DC00D86420 /* IntroViewController.h */ = {isa = PBXFileReference; fileEncoding = 4; lastKnownFileType = sourcecode.c.h; path = IntroViewController.h; sourceTree = "<group>"; };
		94336B401BC5E2DC00D86420 /* IntroViewController.m */ = {isa = PBXFileReference; fileEncoding = 4; lastKnownFileType = sourcecode.c.objc; path = IntroViewController.m; sourceTree = "<group>"; };
		94336B4C1BC60CB200D86420 /* MUSPageViewController.h */ = {isa = PBXFileReference; fileEncoding = 4; lastKnownFileType = sourcecode.c.h; path = MUSPageViewController.h; sourceTree = "<group>"; };
		94336B4D1BC60CB200D86420 /* MUSPageViewController.m */ = {isa = PBXFileReference; fileEncoding = 4; lastKnownFileType = sourcecode.c.objc; path = MUSPageViewController.m; sourceTree = "<group>"; };
		94385D751C06A3D100A07378 /* Assets.xcassets */ = {isa = PBXFileReference; lastKnownFileType = folder.assetcatalog; path = Assets.xcassets; sourceTree = "<group>"; };
		944468741BD07449003B3F16 /* MUSShareManager.h */ = {isa = PBXFileReference; fileEncoding = 4; lastKnownFileType = sourcecode.c.h; name = MUSShareManager.h; path = ../MUSShareManager.h; sourceTree = "<group>"; };
		944468751BD07449003B3F16 /* MUSShareManager.m */ = {isa = PBXFileReference; fileEncoding = 4; lastKnownFileType = sourcecode.c.objc; name = MUSShareManager.m; path = ../MUSShareManager.m; sourceTree = "<group>"; };
		944842331C02BDAC006D05C4 /* UIViewController+MUSExtraMethods.h */ = {isa = PBXFileReference; fileEncoding = 4; lastKnownFileType = sourcecode.c.h; name = "UIViewController+MUSExtraMethods.h"; path = "MuseJournal/UIViewController+MUSExtraMethods.h"; sourceTree = SOURCE_ROOT; };
		944842341C02BDAC006D05C4 /* UIViewController+MUSExtraMethods.m */ = {isa = PBXFileReference; fileEncoding = 4; lastKnownFileType = sourcecode.c.objc; name = "UIViewController+MUSExtraMethods.m"; path = "MuseJournal/UIViewController+MUSExtraMethods.m"; sourceTree = SOURCE_ROOT; };
		944842361C02C26A006D05C4 /* EntryWalkthroughView.h */ = {isa = PBXFileReference; fileEncoding = 4; lastKnownFileType = sourcecode.c.h; name = EntryWalkthroughView.h; path = MuseJournal/EntryWalkthroughView.h; sourceTree = "<group>"; };
		944842371C02C26A006D05C4 /* EntryWalkthroughView.m */ = {isa = PBXFileReference; fileEncoding = 4; lastKnownFileType = sourcecode.c.objc; name = EntryWalkthroughView.m; path = MuseJournal/EntryWalkthroughView.m; sourceTree = SOURCE_ROOT; };
		944842391C02E7D6006D05C4 /* MUSBlurOverlayViewController.h */ = {isa = PBXFileReference; fileEncoding = 4; lastKnownFileType = sourcecode.c.h; path = MUSBlurOverlayViewController.h; sourceTree = "<group>"; };
		9448423A1C02E7D6006D05C4 /* MUSBlurOverlayViewController.m */ = {isa = PBXFileReference; fileEncoding = 4; lastKnownFileType = sourcecode.c.objc; path = MUSBlurOverlayViewController.m; sourceTree = "<group>"; };
		9450A3EA1BCE1D8F00335606 /* MUSTagManager.h */ = {isa = PBXFileReference; fileEncoding = 4; lastKnownFileType = sourcecode.c.h; name = MUSTagManager.h; path = ../MUSTagManager.h; sourceTree = "<group>"; };
		9450A3EB1BCE1D8F00335606 /* MUSTagManager.m */ = {isa = PBXFileReference; fileEncoding = 4; lastKnownFileType = sourcecode.c.objc; name = MUSTagManager.m; path = ../MUSTagManager.m; sourceTree = "<group>"; };
		945E53541BC70AB900157085 /* MUSConstants.m */ = {isa = PBXFileReference; fileEncoding = 4; lastKnownFileType = sourcecode.c.objc; path = MUSConstants.m; sourceTree = "<group>"; };
		9477D5AE1BCEFF2E0059282F /* MUSWallPaperViewController.h */ = {isa = PBXFileReference; fileEncoding = 4; lastKnownFileType = sourcecode.c.h; path = MUSWallPaperViewController.h; sourceTree = "<group>"; };
		9477D5AF1BCEFF2E0059282F /* MUSWallPaperViewController.m */ = {isa = PBXFileReference; fileEncoding = 4; lastKnownFileType = sourcecode.c.objc; path = MUSWallPaperViewController.m; sourceTree = "<group>"; };
		949A643C1BD48CAE00614AB1 /* MUSAboutTableViewController.h */ = {isa = PBXFileReference; fileEncoding = 4; lastKnownFileType = sourcecode.c.h; path = MUSAboutTableViewController.h; sourceTree = "<group>"; };
		949A643D1BD48CAE00614AB1 /* MUSAboutTableViewController.m */ = {isa = PBXFileReference; fileEncoding = 4; lastKnownFileType = sourcecode.c.objc; path = MUSAboutTableViewController.m; sourceTree = "<group>"; };
		949A643F1BD49A2D00614AB1 /* iTellAFriend.h */ = {isa = PBXFileReference; fileEncoding = 4; lastKnownFileType = sourcecode.c.h; path = iTellAFriend.h; sourceTree = "<group>"; };
		949A64401BD49A2D00614AB1 /* iTellAFriend.m */ = {isa = PBXFileReference; fileEncoding = 4; lastKnownFileType = sourcecode.c.objc; path = iTellAFriend.m; sourceTree = "<group>"; };
		94A892CF1BD07A2F0049E25F /* MUSOpenSourceViewController.h */ = {isa = PBXFileReference; fileEncoding = 4; lastKnownFileType = sourcecode.c.h; name = MUSOpenSourceViewController.h; path = ../MUSOpenSourceViewController.h; sourceTree = "<group>"; };
		94A892D01BD07A2F0049E25F /* MUSOpenSourceViewController.m */ = {isa = PBXFileReference; fileEncoding = 4; lastKnownFileType = sourcecode.c.objc; name = MUSOpenSourceViewController.m; path = ../MUSOpenSourceViewController.m; sourceTree = "<group>"; };
		94AD69E61BBDABA5009C5553 /* Song+CoreDataProperties.h */ = {isa = PBXFileReference; fileEncoding = 4; lastKnownFileType = sourcecode.c.h; path = "Song+CoreDataProperties.h"; sourceTree = "<group>"; };
		94AD69E71BBDABA5009C5553 /* Song+CoreDataProperties.m */ = {isa = PBXFileReference; fileEncoding = 4; lastKnownFileType = sourcecode.c.objc; path = "Song+CoreDataProperties.m"; sourceTree = "<group>"; };
		94AD69E81BBDABA5009C5553 /* Song.h */ = {isa = PBXFileReference; fileEncoding = 4; lastKnownFileType = sourcecode.c.h; path = Song.h; sourceTree = "<group>"; };
		94AD69E91BBDABA5009C5553 /* Song.m */ = {isa = PBXFileReference; fileEncoding = 4; lastKnownFileType = sourcecode.c.objc; path = Song.m; sourceTree = "<group>"; };
		94AD69EA1BBDABA5009C5553 /* Entry+CoreDataProperties.h */ = {isa = PBXFileReference; fileEncoding = 4; lastKnownFileType = sourcecode.c.h; path = "Entry+CoreDataProperties.h"; sourceTree = "<group>"; };
		94AD69EB1BBDABA5009C5553 /* Entry+CoreDataProperties.m */ = {isa = PBXFileReference; fileEncoding = 4; lastKnownFileType = sourcecode.c.objc; path = "Entry+CoreDataProperties.m"; sourceTree = "<group>"; };
		94AD69EC1BBDABA5009C5553 /* Entry.h */ = {isa = PBXFileReference; fileEncoding = 4; lastKnownFileType = sourcecode.c.h; path = Entry.h; sourceTree = "<group>"; };
		94AD69ED1BBDABA5009C5553 /* Entry.m */ = {isa = PBXFileReference; fileEncoding = 4; lastKnownFileType = sourcecode.c.objc; path = Entry.m; sourceTree = "<group>"; };
		94B0F7A61BDABAE1000B2573 /* MUSMarkdownTableViewCell.h */ = {isa = PBXFileReference; fileEncoding = 4; lastKnownFileType = sourcecode.c.h; name = MUSMarkdownTableViewCell.h; path = MuseJournal/MUSMarkdownTableViewCell.h; sourceTree = SOURCE_ROOT; };
		94B1FDB31CB1819300058E30 /* Semplicita Pro Medium.otf */ = {isa = PBXFileReference; lastKnownFileType = file; path = "Semplicita Pro Medium.otf"; sourceTree = "<group>"; };
		94B313B71BBAF86200ECB1AD /* AppDelegate.h */ = {isa = PBXFileReference; fileEncoding = 4; lastKnownFileType = sourcecode.c.h; name = AppDelegate.h; path = MuseJournal/AppDelegate.h; sourceTree = SOURCE_ROOT; };
		94B313B81BBAF86200ECB1AD /* AppDelegate.m */ = {isa = PBXFileReference; fileEncoding = 4; lastKnownFileType = sourcecode.c.objc; name = AppDelegate.m; path = MuseJournal/AppDelegate.m; sourceTree = SOURCE_ROOT; };
		94B313BE1BBAF86A00ECB1AD /* Entry+ExtraMethods.h */ = {isa = PBXFileReference; fileEncoding = 4; lastKnownFileType = sourcecode.c.h; name = "Entry+ExtraMethods.h"; path = "MuseJournal/Entry+ExtraMethods.h"; sourceTree = SOURCE_ROOT; };
		94B313BF1BBAF86A00ECB1AD /* Entry+ExtraMethods.m */ = {isa = PBXFileReference; fileEncoding = 4; lastKnownFileType = sourcecode.c.objc; name = "Entry+ExtraMethods.m"; path = "MuseJournal/Entry+ExtraMethods.m"; sourceTree = SOURCE_ROOT; };
		94B313C31BBAF88200ECB1AD /* Main.storyboard */ = {isa = PBXFileReference; fileEncoding = 4; lastKnownFileType = file.storyboard; name = Main.storyboard; path = MuseJournal/Main.storyboard; sourceTree = SOURCE_ROOT; };
		94B313C91BBAF88200ECB1AD /* MUSAllEntriesViewController.h */ = {isa = PBXFileReference; fileEncoding = 4; lastKnownFileType = sourcecode.c.h; name = MUSAllEntriesViewController.h; path = MuseJournal/MUSAllEntriesViewController.h; sourceTree = SOURCE_ROOT; };
		94B313CA1BBAF88200ECB1AD /* MUSAllEntriesViewController.m */ = {isa = PBXFileReference; fileEncoding = 4; lastKnownFileType = sourcecode.c.objc; name = MUSAllEntriesViewController.m; path = MuseJournal/MUSAllEntriesViewController.m; sourceTree = SOURCE_ROOT; };
		94B313CF1BBAF88200ECB1AD /* MUSDetailEntryViewController.h */ = {isa = PBXFileReference; fileEncoding = 4; lastKnownFileType = sourcecode.c.h; name = MUSDetailEntryViewController.h; path = MuseJournal/MUSDetailEntryViewController.h; sourceTree = SOURCE_ROOT; };
		94B313D01BBAF88200ECB1AD /* MUSDetailEntryViewController.m */ = {isa = PBXFileReference; fileEncoding = 4; lastKnownFileType = sourcecode.c.objc; name = MUSDetailEntryViewController.m; path = MuseJournal/MUSDetailEntryViewController.m; sourceTree = SOURCE_ROOT; };
		94B313D21BBAF88200ECB1AD /* MUSHomeViewController.h */ = {isa = PBXFileReference; fileEncoding = 4; lastKnownFileType = sourcecode.c.h; name = MUSHomeViewController.h; path = MuseJournal/MUSHomeViewController.h; sourceTree = SOURCE_ROOT; };
		94B313D31BBAF88200ECB1AD /* MUSHomeViewController.m */ = {isa = PBXFileReference; fileEncoding = 4; lastKnownFileType = sourcecode.c.objc; name = MUSHomeViewController.m; path = MuseJournal/MUSHomeViewController.m; sourceTree = SOURCE_ROOT; };
		94B313D41BBAF88200ECB1AD /* MUSMusicPlayer.h */ = {isa = PBXFileReference; fileEncoding = 4; lastKnownFileType = sourcecode.c.h; name = MUSMusicPlayer.h; path = MuseJournal/MUSMusicPlayer.h; sourceTree = SOURCE_ROOT; };
		94B313D51BBAF88200ECB1AD /* MUSMusicPlayer.m */ = {isa = PBXFileReference; fileEncoding = 4; lastKnownFileType = sourcecode.c.objc; name = MUSMusicPlayer.m; path = MuseJournal/MUSMusicPlayer.m; sourceTree = SOURCE_ROOT; };
		94B313D61BBAF88200ECB1AD /* MUSPlaylistViewController.h */ = {isa = PBXFileReference; fileEncoding = 4; lastKnownFileType = sourcecode.c.h; name = MUSPlaylistViewController.h; path = MuseJournal/MUSPlaylistViewController.h; sourceTree = SOURCE_ROOT; };
		94B313D71BBAF88200ECB1AD /* MUSPlaylistViewController.m */ = {isa = PBXFileReference; fileEncoding = 4; lastKnownFileType = sourcecode.c.objc; name = MUSPlaylistViewController.m; path = MuseJournal/MUSPlaylistViewController.m; sourceTree = SOURCE_ROOT; };
		94B313D81BBAF88200ECB1AD /* MUSTimeFetcher.h */ = {isa = PBXFileReference; fileEncoding = 4; lastKnownFileType = sourcecode.c.h; name = MUSTimeFetcher.h; path = MuseJournal/MUSTimeFetcher.h; sourceTree = SOURCE_ROOT; };
		94B313D91BBAF88200ECB1AD /* MUSTimeFetcher.m */ = {isa = PBXFileReference; fileEncoding = 4; lastKnownFileType = sourcecode.c.objc; name = MUSTimeFetcher.m; path = MuseJournal/MUSTimeFetcher.m; sourceTree = SOURCE_ROOT; };
		94B313DA1BBAF88200ECB1AD /* NSAttributedString+MUSExtraMethods.h */ = {isa = PBXFileReference; fileEncoding = 4; lastKnownFileType = sourcecode.c.h; name = "NSAttributedString+MUSExtraMethods.h"; path = "MuseJournal/NSAttributedString+MUSExtraMethods.h"; sourceTree = SOURCE_ROOT; };
		94B313DB1BBAF88200ECB1AD /* NSAttributedString+MUSExtraMethods.m */ = {isa = PBXFileReference; fileEncoding = 4; lastKnownFileType = sourcecode.c.objc; name = "NSAttributedString+MUSExtraMethods.m"; path = "MuseJournal/NSAttributedString+MUSExtraMethods.m"; sourceTree = SOURCE_ROOT; };
		94B313DC1BBAF88200ECB1AD /* NSDate+ExtraMethods.h */ = {isa = PBXFileReference; fileEncoding = 4; lastKnownFileType = sourcecode.c.h; name = "NSDate+ExtraMethods.h"; path = "MuseJournal/NSDate+ExtraMethods.h"; sourceTree = SOURCE_ROOT; };
		94B313DD1BBAF88200ECB1AD /* NSDate+ExtraMethods.m */ = {isa = PBXFileReference; fileEncoding = 4; lastKnownFileType = sourcecode.c.objc; name = "NSDate+ExtraMethods.m"; path = "MuseJournal/NSDate+ExtraMethods.m"; sourceTree = SOURCE_ROOT; };
		94B313DE1BBAF88200ECB1AD /* NSSet+MUSExtraMethod.h */ = {isa = PBXFileReference; fileEncoding = 4; lastKnownFileType = sourcecode.c.h; name = "NSSet+MUSExtraMethod.h"; path = "MuseJournal/NSSet+MUSExtraMethod.h"; sourceTree = SOURCE_ROOT; };
		94B313DF1BBAF88200ECB1AD /* NSSet+MUSExtraMethod.m */ = {isa = PBXFileReference; fileEncoding = 4; lastKnownFileType = sourcecode.c.objc; name = "NSSet+MUSExtraMethod.m"; path = "MuseJournal/NSSet+MUSExtraMethod.m"; sourceTree = SOURCE_ROOT; };
		94B313E01BBAF88200ECB1AD /* RKSwipeBetweenViewControllers.h */ = {isa = PBXFileReference; fileEncoding = 4; lastKnownFileType = sourcecode.c.h; name = RKSwipeBetweenViewControllers.h; path = MuseJournal/RKSwipeBetweenViewControllers.h; sourceTree = SOURCE_ROOT; };
		94B313E11BBAF88200ECB1AD /* RKSwipeBetweenViewControllers.m */ = {isa = PBXFileReference; fileEncoding = 4; lastKnownFileType = sourcecode.c.objc; name = RKSwipeBetweenViewControllers.m; path = MuseJournal/RKSwipeBetweenViewControllers.m; sourceTree = SOURCE_ROOT; };
		94B313E61BBAF88200ECB1AD /* Song+MUSExtraMethods.h */ = {isa = PBXFileReference; fileEncoding = 4; lastKnownFileType = sourcecode.c.h; name = "Song+MUSExtraMethods.h"; path = "MuseJournal/Song+MUSExtraMethods.h"; sourceTree = SOURCE_ROOT; };
		94B313E71BBAF88200ECB1AD /* Song+MUSExtraMethods.m */ = {isa = PBXFileReference; fileEncoding = 4; lastKnownFileType = sourcecode.c.objc; name = "Song+MUSExtraMethods.m"; path = "MuseJournal/Song+MUSExtraMethods.m"; sourceTree = SOURCE_ROOT; };
		94B313E81BBAF88200ECB1AD /* UIButton+ExtraMethods.h */ = {isa = PBXFileReference; fileEncoding = 4; lastKnownFileType = sourcecode.c.h; name = "UIButton+ExtraMethods.h"; path = "MuseJournal/UIButton+ExtraMethods.h"; sourceTree = SOURCE_ROOT; };
		94B313E91BBAF88200ECB1AD /* UIButton+ExtraMethods.m */ = {isa = PBXFileReference; fileEncoding = 4; lastKnownFileType = sourcecode.c.objc; name = "UIButton+ExtraMethods.m"; path = "MuseJournal/UIButton+ExtraMethods.m"; sourceTree = SOURCE_ROOT; };
		94B313EC1BBAF88200ECB1AD /* UIFont+MUSFonts.h */ = {isa = PBXFileReference; fileEncoding = 4; lastKnownFileType = sourcecode.c.h; name = "UIFont+MUSFonts.h"; path = "MuseJournal/UIFont+MUSFonts.h"; sourceTree = SOURCE_ROOT; };
		94B313ED1BBAF88200ECB1AD /* UIFont+MUSFonts.m */ = {isa = PBXFileReference; fileEncoding = 4; lastKnownFileType = sourcecode.c.objc; name = "UIFont+MUSFonts.m"; path = "MuseJournal/UIFont+MUSFonts.m"; sourceTree = SOURCE_ROOT; };
		94B313F01BBAF88200ECB1AD /* UIImagePickerController+ExtraMethods.h */ = {isa = PBXFileReference; fileEncoding = 4; lastKnownFileType = sourcecode.c.h; name = "UIImagePickerController+ExtraMethods.h"; path = "MuseJournal/UIImagePickerController+ExtraMethods.h"; sourceTree = SOURCE_ROOT; };
		94B313F11BBAF88200ECB1AD /* UIImagePickerController+ExtraMethods.m */ = {isa = PBXFileReference; fileEncoding = 4; lastKnownFileType = sourcecode.c.objc; name = "UIImagePickerController+ExtraMethods.m"; path = "MuseJournal/UIImagePickerController+ExtraMethods.m"; sourceTree = SOURCE_ROOT; };
		94B3140E1BBAF97A00ECB1AD /* MUSActionView.h */ = {isa = PBXFileReference; fileEncoding = 4; lastKnownFileType = sourcecode.c.h; name = MUSActionView.h; path = MuseJournal/MUSActionView.h; sourceTree = SOURCE_ROOT; };
		94B3140F1BBAF97A00ECB1AD /* MUSActionView.m */ = {isa = PBXFileReference; fileEncoding = 4; lastKnownFileType = sourcecode.c.objc; name = MUSActionView.m; path = MuseJournal/MUSActionView.m; sourceTree = SOURCE_ROOT; };
		94B314101BBAF97A00ECB1AD /* MUSActionView.xib */ = {isa = PBXFileReference; fileEncoding = 4; lastKnownFileType = file.xib; name = MUSActionView.xib; path = MuseJournal/MUSActionView.xib; sourceTree = SOURCE_ROOT; };
		94B42D0B1BD8056A004322F6 /* MUSStatsView.h */ = {isa = PBXFileReference; fileEncoding = 4; lastKnownFileType = sourcecode.c.h; name = MUSStatsView.h; path = MuseJournal/MUSStatsView.h; sourceTree = SOURCE_ROOT; };
		94B42D0C1BD8056A004322F6 /* MUSStatsView.m */ = {isa = PBXFileReference; fileEncoding = 4; lastKnownFileType = sourcecode.c.objc; name = MUSStatsView.m; path = MuseJournal/MUSStatsView.m; sourceTree = SOURCE_ROOT; };
		94B42D0E1BD80575004322F6 /* MUSStatsView.xib */ = {isa = PBXFileReference; fileEncoding = 4; lastKnownFileType = file.xib; name = MUSStatsView.xib; path = MuseJournal/MUSStatsView.xib; sourceTree = SOURCE_ROOT; };
		94CEC5EC1C063D95002CD958 /* ADAM-CG PRO LIGHT.otf */ = {isa = PBXFileReference; lastKnownFileType = file; path = "ADAM-CG PRO LIGHT.otf"; sourceTree = "<group>"; };
		94D366ED1BD007800080A27B /* MUSTimelineUIManager.h */ = {isa = PBXFileReference; fileEncoding = 4; lastKnownFileType = sourcecode.c.h; path = MUSTimelineUIManager.h; sourceTree = "<group>"; };
		94D366EE1BD007800080A27B /* MUSTimelineUIManager.m */ = {isa = PBXFileReference; fileEncoding = 4; lastKnownFileType = sourcecode.c.objc; path = MUSTimelineUIManager.m; sourceTree = "<group>"; };
		94DFBBE91BE045DB00374817 /* UIView+MUSExtraMethods.h */ = {isa = PBXFileReference; fileEncoding = 4; lastKnownFileType = sourcecode.c.h; name = "UIView+MUSExtraMethods.h"; path = "MuseJournal/UIView+MUSExtraMethods.h"; sourceTree = SOURCE_ROOT; };
		94DFBBEA1BE045DB00374817 /* UIView+MUSExtraMethods.m */ = {isa = PBXFileReference; fileEncoding = 4; lastKnownFileType = sourcecode.c.objc; name = "UIView+MUSExtraMethods.m"; path = "MuseJournal/UIView+MUSExtraMethods.m"; sourceTree = SOURCE_ROOT; };
		94E023491BBCDADD00404E90 /* UIImage+ExtraMethods.h */ = {isa = PBXFileReference; fileEncoding = 4; lastKnownFileType = sourcecode.c.h; name = "UIImage+ExtraMethods.h"; path = "MuseJournal/UIImage+ExtraMethods.h"; sourceTree = SOURCE_ROOT; };
		94E0234A1BBCDADD00404E90 /* UIImage+ExtraMethods.m */ = {isa = PBXFileReference; fileEncoding = 4; lastKnownFileType = sourcecode.c.objc; name = "UIImage+ExtraMethods.m"; path = "MuseJournal/UIImage+ExtraMethods.m"; sourceTree = SOURCE_ROOT; };
		94E180621BCDA344008023C5 /* MUSMoodViewController.h */ = {isa = PBXFileReference; fileEncoding = 4; lastKnownFileType = sourcecode.c.h; path = MUSMoodViewController.h; sourceTree = "<group>"; };
		94E180631BCDA344008023C5 /* MUSMoodViewController.m */ = {isa = PBXFileReference; fileEncoding = 4; lastKnownFileType = sourcecode.c.objc; path = MUSMoodViewController.m; sourceTree = "<group>"; };
		94EB3ED71BBDDA5C0060AF28 /* Raleway-Light.ttf */ = {isa = PBXFileReference; lastKnownFileType = file; path = "Raleway-Light.ttf"; sourceTree = "<group>"; };
		94EB3ED81BBDDA5C0060AF28 /* Raleway-Medium.ttf */ = {isa = PBXFileReference; lastKnownFileType = file; path = "Raleway-Medium.ttf"; sourceTree = "<group>"; };
		94EB3ED91BBDDA5C0060AF28 /* Raleway-Regular.ttf */ = {isa = PBXFileReference; lastKnownFileType = file; path = "Raleway-Regular.ttf"; sourceTree = "<group>"; };
		94EB3EDA1BBDDA5C0060AF28 /* Raleway-SemiBold.ttf */ = {isa = PBXFileReference; lastKnownFileType = file; path = "Raleway-SemiBold.ttf"; sourceTree = "<group>"; };
		94EB3EDF1BBDE2200060AF28 /* QuattrocentoSans-Italic.ttf */ = {isa = PBXFileReference; lastKnownFileType = file; path = "QuattrocentoSans-Italic.ttf"; sourceTree = "<group>"; };
		94EB3EE01BBDE2200060AF28 /* QuattrocentoSans-Regular.ttf */ = {isa = PBXFileReference; lastKnownFileType = file; path = "QuattrocentoSans-Regular.ttf"; sourceTree = "<group>"; };
		94EB3EE31BBDE3F10060AF28 /* ADAM.CG PRO.otf */ = {isa = PBXFileReference; lastKnownFileType = file; path = "ADAM.CG PRO.otf"; sourceTree = "<group>"; };
		94F37E131BD5CEC800CD106C /* MUSMusicPlayerDataStore.h */ = {isa = PBXFileReference; fileEncoding = 4; lastKnownFileType = sourcecode.c.h; path = MUSMusicPlayerDataStore.h; sourceTree = "<group>"; };
		94F37E141BD5CEC800CD106C /* MUSMusicPlayerDataStore.m */ = {isa = PBXFileReference; fileEncoding = 4; lastKnownFileType = sourcecode.c.objc; path = MUSMusicPlayerDataStore.m; sourceTree = "<group>"; };
		94F493461BCF009500E8D719 /* MUSMoodCollectionViewCell.m */ = {isa = PBXFileReference; fileEncoding = 4; lastKnownFileType = sourcecode.c.objc; name = MUSMoodCollectionViewCell.m; path = MuseJournal/MUSMoodCollectionViewCell.m; sourceTree = SOURCE_ROOT; };
		94F493471BCF009500E8D719 /* MUSMoodCollectionViewCell.h */ = {isa = PBXFileReference; fileEncoding = 4; lastKnownFileType = sourcecode.c.h; name = MUSMoodCollectionViewCell.h; path = MuseJournal/MUSMoodCollectionViewCell.h; sourceTree = SOURCE_ROOT; };
		94F493491BCF02CE00E8D719 /* MUSWallpaperCollectionViewCell.h */ = {isa = PBXFileReference; fileEncoding = 4; lastKnownFileType = sourcecode.c.h; path = MUSWallpaperCollectionViewCell.h; sourceTree = SOURCE_ROOT; };
		94F4934A1BCF02CE00E8D719 /* MUSWallpaperCollectionViewCell.m */ = {isa = PBXFileReference; fileEncoding = 4; lastKnownFileType = sourcecode.c.objc; path = MUSWallpaperCollectionViewCell.m; sourceTree = SOURCE_ROOT; };
		94F6BE851BCCAF37009AFC2C /* MUSAutoPlayManager.h */ = {isa = PBXFileReference; fileEncoding = 4; lastKnownFileType = sourcecode.c.h; path = MUSAutoPlayManager.h; sourceTree = "<group>"; };
		94F6BE861BCCAF37009AFC2C /* MUSAutoPlayManager.m */ = {isa = PBXFileReference; fileEncoding = 4; lastKnownFileType = sourcecode.c.objc; path = MUSAutoPlayManager.m; sourceTree = "<group>"; };
		94F7E8E91BBB4DBC00298CB2 /* MUSSettingsTableViewController.h */ = {isa = PBXFileReference; fileEncoding = 4; lastKnownFileType = sourcecode.c.h; path = MUSSettingsTableViewController.h; sourceTree = "<group>"; };
		94F7E8EA1BBB4DBC00298CB2 /* MUSSettingsTableViewController.m */ = {isa = PBXFileReference; fileEncoding = 4; lastKnownFileType = sourcecode.c.objc; path = MUSSettingsTableViewController.m; sourceTree = "<group>"; };
		94F7E8EF1BBB5DE100298CB2 /* StoreKit.framework */ = {isa = PBXFileReference; lastKnownFileType = wrapper.framework; name = StoreKit.framework; path = System/Library/Frameworks/StoreKit.framework; sourceTree = SDKROOT; };
		A80F22C67A95127C07F9D46B /* Pods-MuseJournalUITests.release.xcconfig */ = {isa = PBXFileReference; includeInIndex = 1; lastKnownFileType = text.xcconfig; name = "Pods-MuseJournalUITests.release.xcconfig"; path = "Pods/Target Support Files/Pods-MuseJournalUITests/Pods-MuseJournalUITests.release.xcconfig"; sourceTree = "<group>"; };
		B27C5C4861ABF62F54457989 /* Pods-MuseJournal.release.xcconfig */ = {isa = PBXFileReference; includeInIndex = 1; lastKnownFileType = text.xcconfig; name = "Pods-MuseJournal.release.xcconfig"; path = "Pods/Target Support Files/Pods-MuseJournal/Pods-MuseJournal.release.xcconfig"; sourceTree = "<group>"; };
		B610C3194D55F3A878388817 /* Pods-MuseJournalUITests.debug.xcconfig */ = {isa = PBXFileReference; includeInIndex = 1; lastKnownFileType = text.xcconfig; name = "Pods-MuseJournalUITests.debug.xcconfig"; path = "Pods/Target Support Files/Pods-MuseJournalUITests/Pods-MuseJournalUITests.debug.xcconfig"; sourceTree = "<group>"; };
		DDB57F574C088182C9FE905D /* Pods_MuseJournalTests.framework */ = {isa = PBXFileReference; explicitFileType = wrapper.framework; includeInIndex = 0; path = Pods_MuseJournalTests.framework; sourceTree = BUILT_PRODUCTS_DIR; };
		E3E7CB444BB315261675180B /* Pods_MuseJournalUITests.framework */ = {isa = PBXFileReference; explicitFileType = wrapper.framework; includeInIndex = 0; path = Pods_MuseJournalUITests.framework; sourceTree = BUILT_PRODUCTS_DIR; };
/* End PBXFileReference section */

/* Begin PBXFrameworksBuildPhase section */
		941EFBEF1BB9FB9C00D70257 /* Frameworks */ = {
			isa = PBXFrameworksBuildPhase;
			buildActionMask = 2147483647;
			files = (
				94F7E8F01BBB5DE100298CB2 /* StoreKit.framework in Frameworks */,
				4C9D48766F937F7358DDEA01 /* Pods_MuseJournal.framework in Frameworks */,
			);
			runOnlyForDeploymentPostprocessing = 0;
		};
		941EFC081BB9FB9D00D70257 /* Frameworks */ = {
			isa = PBXFrameworksBuildPhase;
			buildActionMask = 2147483647;
			files = (
				CA0CCA6451F3EC98979E41F5 /* Pods_MuseJournalTests.framework in Frameworks */,
			);
			runOnlyForDeploymentPostprocessing = 0;
		};
		941EFC131BB9FB9D00D70257 /* Frameworks */ = {
			isa = PBXFrameworksBuildPhase;
			buildActionMask = 2147483647;
			files = (
				33052DD40A362EA4791AD9B2 /* Pods_MuseJournalUITests.framework in Frameworks */,
			);
			runOnlyForDeploymentPostprocessing = 0;
		};
/* End PBXFrameworksBuildPhase section */

/* Begin PBXGroup section */
		2DBB715382CC5194E468389E /* Pods */ = {
			isa = PBXGroup;
			children = (
				2E59EF699D3F07E020469A41 /* Pods-MuseJournal.debug.xcconfig */,
				B27C5C4861ABF62F54457989 /* Pods-MuseJournal.release.xcconfig */,
				51C25CA8022F0E47625AA7D0 /* Pods-MuseJournalTests.debug.xcconfig */,
				01C14202A142221AF8DED33F /* Pods-MuseJournalTests.release.xcconfig */,
				B610C3194D55F3A878388817 /* Pods-MuseJournalUITests.debug.xcconfig */,
				A80F22C67A95127C07F9D46B /* Pods-MuseJournalUITests.release.xcconfig */,
			);
			name = Pods;
			sourceTree = "<group>";
		};
		941BCA681CB0CF9C00FA90C1 /* App */ = {
			isa = PBXGroup;
			children = (
				94385D751C06A3D100A07378 /* Assets.xcassets */,
				94B313B71BBAF86200ECB1AD /* AppDelegate.h */,
				94B313B81BBAF86200ECB1AD /* AppDelegate.m */,
				941EFC031BB9FB9C00D70257 /* LaunchScreen.storyboard */,
			);
			name = App;
			sourceTree = "<group>";
		};
		941BCA691CB0D03200FA90C1 /* Vendor */ = {
			isa = PBXGroup;
			children = (
				944E2E571BE01DA30011D19D /* iTellAFriend */,
			);
			name = Vendor;
			sourceTree = "<group>";
		};
		941BCA6A1CB0D05C00FA90C1 /* Settings */ = {
			isa = PBXGroup;
			children = (
				94F7E8E91BBB4DBC00298CB2 /* MUSSettingsTableViewController.h */,
				94F7E8EA1BBB4DBC00298CB2 /* MUSSettingsTableViewController.m */,
			);
			name = Settings;
			sourceTree = "<group>";
		};
		941BCA6B1CB0D06200FA90C1 /* About */ = {
			isa = PBXGroup;
			children = (
				949A643C1BD48CAE00614AB1 /* MUSAboutTableViewController.h */,
				949A643D1BD48CAE00614AB1 /* MUSAboutTableViewController.m */,
			);
			name = About;
			sourceTree = "<group>";
		};
		941BCA6C1CB0D06C00FA90C1 /* Open Source */ = {
			isa = PBXGroup;
			children = (
				94A892CF1BD07A2F0049E25F /* MUSOpenSourceViewController.h */,
				94A892D01BD07A2F0049E25F /* MUSOpenSourceViewController.m */,
			);
			name = "Open Source";
			sourceTree = "<group>";
		};
		941BCA6D1CB0D33B00FA90C1 /* Constants */ = {
			isa = PBXGroup;
			children = (
				9421B9F51BC47D0F00F33EAB /* MUSConstants.h */,
				945E53541BC70AB900157085 /* MUSConstants.m */,
			);
			name = Constants;
			sourceTree = "<group>";
		};
		941EFBE91BB9FB9C00D70257 = {
			isa = PBXGroup;
			children = (
				941EFBF41BB9FB9C00D70257 /* MuseJournal */,
				941EFC0E1BB9FB9D00D70257 /* MuseJournalTests */,
				941EFC191BB9FB9D00D70257 /* MuseJournalUITests */,
				941EFBF31BB9FB9C00D70257 /* Products */,
				B397B2E03385FDD827D6EF76 /* Frameworks */,
				2DBB715382CC5194E468389E /* Pods */,
			);
			sourceTree = "<group>";
		};
		941EFBF31BB9FB9C00D70257 /* Products */ = {
			isa = PBXGroup;
			children = (
				941EFBF21BB9FB9C00D70257 /* MuseJournal.app */,
				941EFC0B1BB9FB9D00D70257 /* MuseJournalTests.xctest */,
				941EFC161BB9FB9D00D70257 /* MuseJournalUITests.xctest */,
			);
			name = Products;
			sourceTree = "<group>";
		};
		941EFBF41BB9FB9C00D70257 /* MuseJournal */ = {
			isa = PBXGroup;
			children = (
				94336B3D1BC5E25A00D86420 /* Walkthrough.storyboard */,
				94B313C31BBAF88200ECB1AD /* Main.storyboard */,
				941BCA681CB0CF9C00FA90C1 /* App */,
				946EB8781BBA039E0067CDC2 /* Views */,
				94775DFC1BB9FF42004ABF0A /* View Controllers */,
				941BCA691CB0D03200FA90C1 /* Vendor */,
				94EB3ED61BBDDA110060AF28 /* Resources */,
				94775DE31BB9FF25004ABF0A /* Models */,
				941EFC061BB9FB9C00D70257 /* Info.plist */,
				941EFBF51BB9FB9C00D70257 /* Supporting Files */,
			);
			path = MuseJournal;
			sourceTree = "<group>";
		};
		941EFBF51BB9FB9C00D70257 /* Supporting Files */ = {
			isa = PBXGroup;
			children = (
				941EFBF61BB9FB9C00D70257 /* main.m */,
			);
			name = "Supporting Files";
			sourceTree = "<group>";
		};
		941EFC0E1BB9FB9D00D70257 /* MuseJournalTests */ = {
			isa = PBXGroup;
			children = (
				941EFC0F1BB9FB9D00D70257 /* MuseJournalTests.m */,
				941EFC111BB9FB9D00D70257 /* Info.plist */,
			);
			path = MuseJournalTests;
			sourceTree = "<group>";
		};
		941EFC191BB9FB9D00D70257 /* MuseJournalUITests */ = {
			isa = PBXGroup;
			children = (
				941EFC1A1BB9FB9D00D70257 /* MuseJournalUITests.m */,
				941EFC1C1BB9FB9D00D70257 /* Info.plist */,
			);
			path = MuseJournalUITests;
			sourceTree = "<group>";
		};
		943406201C6AEF7100395A7D /* BlurViewOverlay */ = {
			isa = PBXGroup;
			children = (
				944842391C02E7D6006D05C4 /* MUSBlurOverlayViewController.h */,
				9448423A1C02E7D6006D05C4 /* MUSBlurOverlayViewController.m */,
			);
			name = BlurViewOverlay;
			sourceTree = "<group>";
		};
		943406211C6AEF7F00395A7D /* WalkthroughVC */ = {
			isa = PBXGroup;
			children = (
				942F254E1BC7450C0004D806 /* LastWalkthroughViewController.h */,
				942F254F1BC7450C0004D806 /* LastWalkthroughViewController.m */,
				94336B3F1BC5E2DC00D86420 /* IntroViewController.h */,
				94336B401BC5E2DC00D86420 /* IntroViewController.m */,
			);
			name = WalkthroughVC;
			sourceTree = "<group>";
		};
		943406221C6AEF9800395A7D /* SettingsVC */ = {
			isa = PBXGroup;
			children = (
				941BCA6A1CB0D05C00FA90C1 /* Settings */,
				941BCA6C1CB0D06C00FA90C1 /* Open Source */,
				941BCA6B1CB0D06200FA90C1 /* About */,
			);
			name = SettingsVC;
			sourceTree = "<group>";
		};
		943406231C6AEFAE00395A7D /* WallpaperVC */ = {
			isa = PBXGroup;
			children = (
				9477D5AE1BCEFF2E0059282F /* MUSWallPaperViewController.h */,
				9477D5AF1BCEFF2E0059282F /* MUSWallPaperViewController.m */,
			);
			name = WallpaperVC;
			sourceTree = "<group>";
		};
		943406241C6AEFF900395A7D /* PageViewSwipeVC */ = {
			isa = PBXGroup;
			children = (
				94336B4C1BC60CB200D86420 /* MUSPageViewController.h */,
				94336B4D1BC60CB200D86420 /* MUSPageViewController.m */,
			);
			name = PageViewSwipeVC;
			sourceTree = "<group>";
		};
		943406251C6AF02C00395A7D /* AutoplayToggleManager */ = {
			isa = PBXGroup;
			children = (
				94F6BE851BCCAF37009AFC2C /* MUSAutoPlayManager.h */,
				94F6BE861BCCAF37009AFC2C /* MUSAutoPlayManager.m */,
			);
			name = AutoplayToggleManager;
			sourceTree = "<group>";
		};
		943406261C6AF0E400395A7D /* EntryMoodVC */ = {
			isa = PBXGroup;
			children = (
				94E180621BCDA344008023C5 /* MUSMoodViewController.h */,
				94E180631BCDA344008023C5 /* MUSMoodViewController.m */,
			);
			name = EntryMoodVC;
			sourceTree = "<group>";
		};
		943406271C6AF15500395A7D /* EntryPlaylistVC */ = {
			isa = PBXGroup;
			children = (
				94B313D61BBAF88200ECB1AD /* MUSPlaylistViewController.h */,
				94B313D71BBAF88200ECB1AD /* MUSPlaylistViewController.m */,
			);
			name = EntryPlaylistVC;
			sourceTree = "<group>";
		};
		943406281C6AF16A00395A7D /* SwipeHomeEntryVC */ = {
			isa = PBXGroup;
			children = (
				94B313D21BBAF88200ECB1AD /* MUSHomeViewController.h */,
				94B313D31BBAF88200ECB1AD /* MUSHomeViewController.m */,
				94B313E01BBAF88200ECB1AD /* RKSwipeBetweenViewControllers.h */,
				94B313E11BBAF88200ECB1AD /* RKSwipeBetweenViewControllers.m */,
			);
			name = SwipeHomeEntryVC;
			sourceTree = "<group>";
		};
		943406291C6AF18300395A7D /* EntryDetailVC */ = {
			isa = PBXGroup;
			children = (
				94B313CF1BBAF88200ECB1AD /* MUSDetailEntryViewController.h */,
				94B313D01BBAF88200ECB1AD /* MUSDetailEntryViewController.m */,
			);
			name = EntryDetailVC;
			sourceTree = "<group>";
		};
		9434062A1C6AF18D00395A7D /* EntryMarkdownVC */ = {
			isa = PBXGroup;
			children = (
				9410A1411BDABFDD0078EBCE /* MUSMarkdownViewController.h */,
				9410A1421BDABFDD0078EBCE /* MUSMarkdownViewController.m */,
			);
			name = EntryMarkdownVC;
			sourceTree = "<group>";
		};
		9434062B1C6AF1A300395A7D /* Muse Icon Animation */ = {
			isa = PBXGroup;
			children = (
				941F24FE1BBC388F008C8120 /* MUSIconAnimation.h */,
				941F24FF1BBC388F008C8120 /* MUSIconAnimation.m */,
			);
			name = "Muse Icon Animation";
			sourceTree = "<group>";
		};
		9449C26B1C136CF300F808E2 /* Entry Button Walkthrough */ = {
			isa = PBXGroup;
			children = (
				944842361C02C26A006D05C4 /* EntryWalkthroughView.h */,
				944842371C02C26A006D05C4 /* EntryWalkthroughView.m */,
			);
			name = "Entry Button Walkthrough";
			sourceTree = "<group>";
		};
		9449C26C1C136D0D00F808E2 /* Keyboard Toolbar */ = {
			isa = PBXGroup;
			children = (
				941F25281BBC49FF008C8120 /* MUSEntryToolbar.xib */,
				941F24F91BBC388F008C8120 /* MUSEntryToolbar.h */,
				941F25271BBC49FF008C8120 /* MUSEntryToolbar.m */,
				941F252B1BBC4A0E008C8120 /* MUSKeyboardTopBar.h */,
				941F252C1BBC4A0E008C8120 /* MUSKeyboardTopBar.m */,
				941F252D1BBC4A0E008C8120 /* MUSKeyboardTopBar.xib */,
			);
			name = "Keyboard Toolbar";
			sourceTree = "<group>";
		};
		9449C26D1C136D3A00F808E2 /* Home Widget Xibs */ = {
			isa = PBXGroup;
			children = (
				94B3140E1BBAF97A00ECB1AD /* MUSActionView.h */,
				94B3140F1BBAF97A00ECB1AD /* MUSActionView.m */,
				94B314101BBAF97A00ECB1AD /* MUSActionView.xib */,
				94B42D0B1BD8056A004322F6 /* MUSStatsView.h */,
				94B42D0C1BD8056A004322F6 /* MUSStatsView.m */,
				94B42D0E1BD80575004322F6 /* MUSStatsView.xib */,
			);
			name = "Home Widget Xibs";
			sourceTree = "<group>";
		};
		944E2E561BE01D820011D19D /* Helpers */ = {
			isa = PBXGroup;
			children = (
				9421B9F81BC4AD7200F33EAB /* MUSNotificationManager.h */,
				9421B9F91BC4AD7200F33EAB /* MUSNotificationManager.m */,
				94D366ED1BD007800080A27B /* MUSTimelineUIManager.h */,
				94D366EE1BD007800080A27B /* MUSTimelineUIManager.m */,
				944468741BD07449003B3F16 /* MUSShareManager.h */,
				944468751BD07449003B3F16 /* MUSShareManager.m */,
				940EE95C1BCF280900270D66 /* MUSWallpaperManager.h */,
				940EE95D1BCF280900270D66 /* MUSWallpaperManager.m */,
				9450A3EA1BCE1D8F00335606 /* MUSTagManager.h */,
				9450A3EB1BCE1D8F00335606 /* MUSTagManager.m */,
			);
			name = Helpers;
			sourceTree = "<group>";
		};
		944E2E571BE01DA30011D19D /* iTellAFriend */ = {
			isa = PBXGroup;
			children = (
				949A643F1BD49A2D00614AB1 /* iTellAFriend.h */,
				949A64401BD49A2D00614AB1 /* iTellAFriend.m */,
			);
			name = iTellAFriend;
			sourceTree = "<group>";
		};
		944E2E581BE01DD30011D19D /* Datastore */ = {
			isa = PBXGroup;
			children = (
				941F24F31BBC388F008C8120 /* MUSDataStore.h */,
				941F24F41BBC388F008C8120 /* MUSDataStore.m */,
				94F37E131BD5CEC800CD106C /* MUSMusicPlayerDataStore.h */,
				94F37E141BD5CEC800CD106C /* MUSMusicPlayerDataStore.m */,
			);
			name = Datastore;
			sourceTree = "<group>";
		};
		946EB84A1BBA00E90067CDC2 /* Custom Cells */ = {
			isa = PBXGroup;
			children = (
				94B0F7A61BDABAE1000B2573 /* MUSMarkdownTableViewCell.h */,
				9410A13E1BDABCDB0078EBCE /* MUSMarkdownTableViewCell.m */,
				94F493491BCF02CE00E8D719 /* MUSWallpaperCollectionViewCell.h */,
				94F4934A1BCF02CE00E8D719 /* MUSWallpaperCollectionViewCell.m */,
				94F493461BCF009500E8D719 /* MUSMoodCollectionViewCell.m */,
				94F493471BCF009500E8D719 /* MUSMoodCollectionViewCell.h */,
				941F25451BBC4A71008C8120 /* MUSSongTableViewCell.h */,
				941F25461BBC4A71008C8120 /* MUSSongTableViewCell.m */,
				941F253F1BBC4A63008C8120 /* MUSEntryTableViewCell.h */,
				941F25401BBC4A63008C8120 /* MUSEntryTableViewCell.m */,
				941F25421BBC4A69008C8120 /* MUSImagelessEntryCell.h */,
				941F25431BBC4A69008C8120 /* MUSImagelessEntryCell.m */,
			);
			name = "Custom Cells";
			path = ../MuseApp;
			sourceTree = "<group>";
		};
		946EB8781BBA039E0067CDC2 /* Views */ = {
			isa = PBXGroup;
			children = (
				9449C26B1C136CF300F808E2 /* Entry Button Walkthrough */,
				9449C26C1C136D0D00F808E2 /* Keyboard Toolbar */,
				9449C26D1C136D3A00F808E2 /* Home Widget Xibs */,
				9434062B1C6AF1A300395A7D /* Muse Icon Animation */,
			);
			name = Views;
			path = ../../MuseApp/MuseApp;
			sourceTree = "<group>";
		};
		94775DE31BB9FF25004ABF0A /* Models */ = {
			isa = PBXGroup;
			children = (
				943406251C6AF02C00395A7D /* AutoplayToggleManager */,
				946EB84A1BBA00E90067CDC2 /* Custom Cells */,
				944E2E581BE01DD30011D19D /* Datastore */,
				941BCA6D1CB0D33B00FA90C1 /* Constants */,
				944E2E561BE01D820011D19D /* Helpers */,
				9421B9F21BC47CC300F33EAB /* MUSITunesClient.h */,
				9421B9F31BC47CC300F33EAB /* MUSITunesClient.m */,
				94B313D41BBAF88200ECB1AD /* MUSMusicPlayer.h */,
				94B313D51BBAF88200ECB1AD /* MUSMusicPlayer.m */,
				94B313D81BBAF88200ECB1AD /* MUSTimeFetcher.h */,
				94B313D91BBAF88200ECB1AD /* MUSTimeFetcher.m */,
				941F24FC1BBC388F008C8120 /* MUSGreetingManager.h */,
				941F24FD1BBC388F008C8120 /* MUSGreetingManager.m */,
				94BDA3121BBB91AD0071948D /* Managed Objects */,
				94CD1C841BBA008E00934769 /* Delegate Helpers */,
				94CD1C731BBA007700934769 /* Categories */,
			);
			name = Models;
			sourceTree = "<group>";
		};
		94775DFC1BB9FF42004ABF0A /* View Controllers */ = {
			isa = PBXGroup;
			children = (
				943406201C6AEF7100395A7D /* BlurViewOverlay */,
				943406211C6AEF7F00395A7D /* WalkthroughVC */,
				9434062A1C6AF18D00395A7D /* EntryMarkdownVC */,
				943406221C6AEF9800395A7D /* SettingsVC */,
				943406231C6AEFAE00395A7D /* WallpaperVC */,
				943406241C6AEFF900395A7D /* PageViewSwipeVC */,
				943406281C6AF16A00395A7D /* SwipeHomeEntryVC */,
				94B1FDB21CB17DCF00058E30 /* EntryListVC */,
				943406291C6AF18300395A7D /* EntryDetailVC */,
				943406261C6AF0E400395A7D /* EntryMoodVC */,
				943406271C6AF15500395A7D /* EntryPlaylistVC */,
			);
			name = "View Controllers";
			sourceTree = "<group>";
		};
		94B1FDB21CB17DCF00058E30 /* EntryListVC */ = {
			isa = PBXGroup;
			children = (
				94B313C91BBAF88200ECB1AD /* MUSAllEntriesViewController.h */,
				94B313CA1BBAF88200ECB1AD /* MUSAllEntriesViewController.m */,
			);
			name = EntryListVC;
			sourceTree = "<group>";
		};
		94BDA3121BBB91AD0071948D /* Managed Objects */ = {
			isa = PBXGroup;
			children = (
				94AD69E61BBDABA5009C5553 /* Song+CoreDataProperties.h */,
				94AD69E71BBDABA5009C5553 /* Song+CoreDataProperties.m */,
				94AD69E81BBDABA5009C5553 /* Song.h */,
				94AD69E91BBDABA5009C5553 /* Song.m */,
				94AD69EA1BBDABA5009C5553 /* Entry+CoreDataProperties.h */,
				94AD69EB1BBDABA5009C5553 /* Entry+CoreDataProperties.m */,
				94AD69EC1BBDABA5009C5553 /* Entry.h */,
				94AD69ED1BBDABA5009C5553 /* Entry.m */,
				941F25481BBC4A8D008C8120 /* MuseApp.xcdatamodeld */,
			);
			name = "Managed Objects";
			sourceTree = "<group>";
		};
		94CD1C731BBA007700934769 /* Categories */ = {
			isa = PBXGroup;
			children = (
				944842331C02BDAC006D05C4 /* UIViewController+MUSExtraMethods.h */,
				944842341C02BDAC006D05C4 /* UIViewController+MUSExtraMethods.m */,
				94DFBBE91BE045DB00374817 /* UIView+MUSExtraMethods.h */,
				94DFBBEA1BE045DB00374817 /* UIView+MUSExtraMethods.m */,
				941F254B1BBC4B12008C8120 /* UIImageView+ExtraMethods.h */,
				941F254C1BBC4B12008C8120 /* UIImageView+ExtraMethods.m */,
				941F253C1BBC4A50008C8120 /* UIColor+MUSColors.h */,
				941F253D1BBC4A50008C8120 /* UIColor+MUSColors.m */,
				94B313BE1BBAF86A00ECB1AD /* Entry+ExtraMethods.h */,
				94B313BF1BBAF86A00ECB1AD /* Entry+ExtraMethods.m */,
				94B313E81BBAF88200ECB1AD /* UIButton+ExtraMethods.h */,
				94B313E91BBAF88200ECB1AD /* UIButton+ExtraMethods.m */,
				94B313EC1BBAF88200ECB1AD /* UIFont+MUSFonts.h */,
				94B313ED1BBAF88200ECB1AD /* UIFont+MUSFonts.m */,
				94B313F01BBAF88200ECB1AD /* UIImagePickerController+ExtraMethods.h */,
				94B313F11BBAF88200ECB1AD /* UIImagePickerController+ExtraMethods.m */,
				94E023491BBCDADD00404E90 /* UIImage+ExtraMethods.h */,
				94E0234A1BBCDADD00404E90 /* UIImage+ExtraMethods.m */,
				94B313E61BBAF88200ECB1AD /* Song+MUSExtraMethods.h */,
				94B313E71BBAF88200ECB1AD /* Song+MUSExtraMethods.m */,
				94B313DA1BBAF88200ECB1AD /* NSAttributedString+MUSExtraMethods.h */,
				94B313DB1BBAF88200ECB1AD /* NSAttributedString+MUSExtraMethods.m */,
				94B313DC1BBAF88200ECB1AD /* NSDate+ExtraMethods.h */,
				94B313DD1BBAF88200ECB1AD /* NSDate+ExtraMethods.m */,
				94B313DE1BBAF88200ECB1AD /* NSSet+MUSExtraMethod.h */,
				94B313DF1BBAF88200ECB1AD /* NSSet+MUSExtraMethod.m */,
			);
			name = Categories;
			path = ../../MuseApp/MuseApp;
			sourceTree = "<group>";
		};
		94CD1C841BBA008E00934769 /* Delegate Helpers */ = {
			isa = PBXGroup;
			children = (
				941F25361BBC4A3A008C8120 /* MUSSearchBarDelegate.h */,
				941F25371BBC4A3A008C8120 /* MUSSearchBarDelegate.m */,
			);
			name = "Delegate Helpers";
			path = ../../MuseApp/MuseApp;
			sourceTree = "<group>";
		};
		94EB3ED61BBDDA110060AF28 /* Resources */ = {
			isa = PBXGroup;
			children = (
				94EB3EE31BBDE3F10060AF28 /* ADAM.CG PRO.otf */,
				94CEC5EC1C063D95002CD958 /* ADAM-CG PRO LIGHT.otf */,
				94EB3EDF1BBDE2200060AF28 /* QuattrocentoSans-Italic.ttf */,
				94EB3EE01BBDE2200060AF28 /* QuattrocentoSans-Regular.ttf */,
				94B1FDB31CB1819300058E30 /* Semplicita Pro Medium.otf */,
				94EB3ED71BBDDA5C0060AF28 /* Raleway-Light.ttf */,
				94EB3ED81BBDDA5C0060AF28 /* Raleway-Medium.ttf */,
				94EB3ED91BBDDA5C0060AF28 /* Raleway-Regular.ttf */,
				94EB3EDA1BBDDA5C0060AF28 /* Raleway-SemiBold.ttf */,
			);
			name = Resources;
			sourceTree = "<group>";
		};
		B397B2E03385FDD827D6EF76 /* Frameworks */ = {
			isa = PBXGroup;
			children = (
				94F7E8EF1BBB5DE100298CB2 /* StoreKit.framework */,
				6BCFC55D740783B82CA09ED7 /* Pods_MuseJournal.framework */,
				DDB57F574C088182C9FE905D /* Pods_MuseJournalTests.framework */,
				E3E7CB444BB315261675180B /* Pods_MuseJournalUITests.framework */,
			);
			name = Frameworks;
			sourceTree = "<group>";
		};
/* End PBXGroup section */

/* Begin PBXNativeTarget section */
		941EFBF11BB9FB9C00D70257 /* MuseJournal */ = {
			isa = PBXNativeTarget;
			buildConfigurationList = 941EFC1F1BB9FB9D00D70257 /* Build configuration list for PBXNativeTarget "MuseJournal" */;
			buildPhases = (
				3FF7000FC94BF53911DA760C /* [CP] Check Pods Manifest.lock */,
				941EFBEE1BB9FB9C00D70257 /* Sources */,
				941EFBEF1BB9FB9C00D70257 /* Frameworks */,
				941EFBF01BB9FB9C00D70257 /* Resources */,
				D30FC1D031CD76D82C49D61D /* [CP] Embed Pods Frameworks */,
				4DDBEB86BE1FC7B23265A318 /* [CP] Copy Pods Resources */,
			);
			buildRules = (
			);
			dependencies = (
			);
			name = MuseJournal;
			productName = MuseJournal;
			productReference = 941EFBF21BB9FB9C00D70257 /* MuseJournal.app */;
			productType = "com.apple.product-type.application";
		};
		941EFC0A1BB9FB9D00D70257 /* MuseJournalTests */ = {
			isa = PBXNativeTarget;
			buildConfigurationList = 941EFC221BB9FB9D00D70257 /* Build configuration list for PBXNativeTarget "MuseJournalTests" */;
			buildPhases = (
				FCE167AEDFB67B54757C4F2D /* [CP] Check Pods Manifest.lock */,
				941EFC071BB9FB9D00D70257 /* Sources */,
				941EFC081BB9FB9D00D70257 /* Frameworks */,
				941EFC091BB9FB9D00D70257 /* Resources */,
				96DF440C9B589873F98DB209 /* [CP] Embed Pods Frameworks */,
				48BC35D25BCBE7633660CC97 /* [CP] Copy Pods Resources */,
			);
			buildRules = (
			);
			dependencies = (
				941EFC0D1BB9FB9D00D70257 /* PBXTargetDependency */,
			);
			name = MuseJournalTests;
			productName = MuseJournalTests;
			productReference = 941EFC0B1BB9FB9D00D70257 /* MuseJournalTests.xctest */;
			productType = "com.apple.product-type.bundle.unit-test";
		};
		941EFC151BB9FB9D00D70257 /* MuseJournalUITests */ = {
			isa = PBXNativeTarget;
			buildConfigurationList = 941EFC251BB9FB9D00D70257 /* Build configuration list for PBXNativeTarget "MuseJournalUITests" */;
			buildPhases = (
				154D1958BA304BFF5F04AE65 /* [CP] Check Pods Manifest.lock */,
				941EFC121BB9FB9D00D70257 /* Sources */,
				941EFC131BB9FB9D00D70257 /* Frameworks */,
				941EFC141BB9FB9D00D70257 /* Resources */,
				15D167BCE485A1F1D2553784 /* [CP] Embed Pods Frameworks */,
				2E72D07AF3D9F4041054B825 /* [CP] Copy Pods Resources */,
			);
			buildRules = (
			);
			dependencies = (
				941EFC181BB9FB9D00D70257 /* PBXTargetDependency */,
			);
			name = MuseJournalUITests;
			productName = MuseJournalUITests;
			productReference = 941EFC161BB9FB9D00D70257 /* MuseJournalUITests.xctest */;
			productType = "com.apple.product-type.bundle.ui-testing";
		};
/* End PBXNativeTarget section */

/* Begin PBXProject section */
		941EFBEA1BB9FB9C00D70257 /* Project object */ = {
			isa = PBXProject;
			attributes = {
				LastUpgradeCheck = 0710;
				ORGANIZATIONNAME = "Leo Kwan";
				TargetAttributes = {
					941EFBF11BB9FB9C00D70257 = {
						CreatedOnToolsVersion = 7.0.1;
						DevelopmentTeam = DWCYJ9H353;
						SystemCapabilities = {
							com.apple.InAppPurchase = {
								enabled = 1;
							};
						};
					};
					941EFC0A1BB9FB9D00D70257 = {
						CreatedOnToolsVersion = 7.0.1;
						TestTargetID = 941EFBF11BB9FB9C00D70257;
					};
					941EFC151BB9FB9D00D70257 = {
						CreatedOnToolsVersion = 7.0.1;
						TestTargetID = 941EFBF11BB9FB9C00D70257;
					};
				};
			};
			buildConfigurationList = 941EFBED1BB9FB9C00D70257 /* Build configuration list for PBXProject "Muse" */;
			compatibilityVersion = "Xcode 3.2";
			developmentRegion = English;
			hasScannedForEncodings = 0;
			knownRegions = (
				en,
				Base,
			);
			mainGroup = 941EFBE91BB9FB9C00D70257;
			productRefGroup = 941EFBF31BB9FB9C00D70257 /* Products */;
			projectDirPath = "";
			projectRoot = "";
			targets = (
				941EFBF11BB9FB9C00D70257 /* MuseJournal */,
				941EFC0A1BB9FB9D00D70257 /* MuseJournalTests */,
				941EFC151BB9FB9D00D70257 /* MuseJournalUITests */,
			);
		};
/* End PBXProject section */

/* Begin PBXResourcesBuildPhase section */
		941EFBF01BB9FB9C00D70257 /* Resources */ = {
			isa = PBXResourcesBuildPhase;
			buildActionMask = 2147483647;
			files = (
				94B1FDB41CB181A000058E30 /* Semplicita Pro Medium.otf in Resources */,
				94EB3EE41BBDE4020060AF28 /* ADAM.CG PRO.otf in Resources */,
				94EB3EE11BBDE22D0060AF28 /* QuattrocentoSans-Italic.ttf in Resources */,
				94EB3EE21BBDE22D0060AF28 /* QuattrocentoSans-Regular.ttf in Resources */,
				94EB3EDB1BBDDA790060AF28 /* Raleway-Light.ttf in Resources */,
				94EB3EDC1BBDDA790060AF28 /* Raleway-Medium.ttf in Resources */,
				94EB3EDD1BBDDA790060AF28 /* Raleway-Regular.ttf in Resources */,
				94EB3EDE1BBDDA790060AF28 /* Raleway-SemiBold.ttf in Resources */,
				94B42D0F1BD80575004322F6 /* MUSStatsView.xib in Resources */,
				941F252F1BBC4A0E008C8120 /* MUSKeyboardTopBar.xib in Resources */,
				94B314121BBAF97A00ECB1AD /* MUSActionView.xib in Resources */,
				94336B3E1BC5E25A00D86420 /* Walkthrough.storyboard in Resources */,
				941EFC051BB9FB9C00D70257 /* LaunchScreen.storyboard in Resources */,
				941F252A1BBC49FF008C8120 /* MUSEntryToolbar.xib in Resources */,
				94B313F41BBAF88200ECB1AD /* Main.storyboard in Resources */,
				94385D761C06A3D100A07378 /* Assets.xcassets in Resources */,
				94CEC5ED1C063D95002CD958 /* ADAM-CG PRO LIGHT.otf in Resources */,
			);
			runOnlyForDeploymentPostprocessing = 0;
		};
		941EFC091BB9FB9D00D70257 /* Resources */ = {
			isa = PBXResourcesBuildPhase;
			buildActionMask = 2147483647;
			files = (
			);
			runOnlyForDeploymentPostprocessing = 0;
		};
		941EFC141BB9FB9D00D70257 /* Resources */ = {
			isa = PBXResourcesBuildPhase;
			buildActionMask = 2147483647;
			files = (
			);
			runOnlyForDeploymentPostprocessing = 0;
		};
/* End PBXResourcesBuildPhase section */

/* Begin PBXShellScriptBuildPhase section */
		154D1958BA304BFF5F04AE65 /* [CP] Check Pods Manifest.lock */ = {
			isa = PBXShellScriptBuildPhase;
			buildActionMask = 2147483647;
			files = (
			);
			inputPaths = (
			);
			name = "[CP] Check Pods Manifest.lock";
			outputPaths = (
			);
			runOnlyForDeploymentPostprocessing = 0;
			shellPath = /bin/sh;
			shellScript = "diff \"${PODS_PODFILE_DIR_PATH}/Podfile.lock\" \"${PODS_ROOT}/Manifest.lock\" > /dev/null\nif [ $? != 0 ] ; then\n    # print error to STDERR\n    echo \"error: The sandbox is not in sync with the Podfile.lock. Run 'pod install' or update your CocoaPods installation.\" >&2\n    exit 1\nfi\n";
			showEnvVarsInLog = 0;
		};
		15D167BCE485A1F1D2553784 /* [CP] Embed Pods Frameworks */ = {
			isa = PBXShellScriptBuildPhase;
			buildActionMask = 2147483647;
			files = (
			);
			inputPaths = (
			);
			name = "[CP] Embed Pods Frameworks";
			outputPaths = (
			);
			runOnlyForDeploymentPostprocessing = 0;
			shellPath = /bin/sh;
			shellScript = "\"${SRCROOT}/Pods/Target Support Files/Pods-MuseJournalUITests/Pods-MuseJournalUITests-frameworks.sh\"\n";
			showEnvVarsInLog = 0;
		};
		2E72D07AF3D9F4041054B825 /* [CP] Copy Pods Resources */ = {
			isa = PBXShellScriptBuildPhase;
			buildActionMask = 2147483647;
			files = (
			);
			inputPaths = (
			);
			name = "[CP] Copy Pods Resources";
			outputPaths = (
			);
			runOnlyForDeploymentPostprocessing = 0;
			shellPath = /bin/sh;
			shellScript = "\"${SRCROOT}/Pods/Target Support Files/Pods-MuseJournalUITests/Pods-MuseJournalUITests-resources.sh\"\n";
			showEnvVarsInLog = 0;
		};
		3FF7000FC94BF53911DA760C /* [CP] Check Pods Manifest.lock */ = {
			isa = PBXShellScriptBuildPhase;
			buildActionMask = 2147483647;
			files = (
			);
			inputPaths = (
			);
			name = "[CP] Check Pods Manifest.lock";
			outputPaths = (
			);
			runOnlyForDeploymentPostprocessing = 0;
			shellPath = /bin/sh;
			shellScript = "diff \"${PODS_PODFILE_DIR_PATH}/Podfile.lock\" \"${PODS_ROOT}/Manifest.lock\" > /dev/null\nif [ $? != 0 ] ; then\n    # print error to STDERR\n    echo \"error: The sandbox is not in sync with the Podfile.lock. Run 'pod install' or update your CocoaPods installation.\" >&2\n    exit 1\nfi\n";
			showEnvVarsInLog = 0;
		};
		48BC35D25BCBE7633660CC97 /* [CP] Copy Pods Resources */ = {
			isa = PBXShellScriptBuildPhase;
			buildActionMask = 2147483647;
			files = (
			);
			inputPaths = (
			);
			name = "[CP] Copy Pods Resources";
			outputPaths = (
			);
			runOnlyForDeploymentPostprocessing = 0;
			shellPath = /bin/sh;
			shellScript = "\"${SRCROOT}/Pods/Target Support Files/Pods-MuseJournalTests/Pods-MuseJournalTests-resources.sh\"\n";
			showEnvVarsInLog = 0;
		};
		4DDBEB86BE1FC7B23265A318 /* [CP] Copy Pods Resources */ = {
			isa = PBXShellScriptBuildPhase;
			buildActionMask = 2147483647;
			files = (
			);
			inputPaths = (
			);
			name = "[CP] Copy Pods Resources";
			outputPaths = (
			);
			runOnlyForDeploymentPostprocessing = 0;
			shellPath = /bin/sh;
			shellScript = "\"${SRCROOT}/Pods/Target Support Files/Pods-MuseJournal/Pods-MuseJournal-resources.sh\"\n";
			showEnvVarsInLog = 0;
		};
		96DF440C9B589873F98DB209 /* [CP] Embed Pods Frameworks */ = {
			isa = PBXShellScriptBuildPhase;
			buildActionMask = 2147483647;
			files = (
			);
			inputPaths = (
			);
			name = "[CP] Embed Pods Frameworks";
			outputPaths = (
			);
			runOnlyForDeploymentPostprocessing = 0;
			shellPath = /bin/sh;
			shellScript = "\"${SRCROOT}/Pods/Target Support Files/Pods-MuseJournalTests/Pods-MuseJournalTests-frameworks.sh\"\n";
			showEnvVarsInLog = 0;
		};
		D30FC1D031CD76D82C49D61D /* [CP] Embed Pods Frameworks */ = {
			isa = PBXShellScriptBuildPhase;
			buildActionMask = 2147483647;
			files = (
			);
			inputPaths = (
			);
			name = "[CP] Embed Pods Frameworks";
			outputPaths = (
			);
			runOnlyForDeploymentPostprocessing = 0;
			shellPath = /bin/sh;
			shellScript = "\"${SRCROOT}/Pods/Target Support Files/Pods-MuseJournal/Pods-MuseJournal-frameworks.sh\"\n";
			showEnvVarsInLog = 0;
		};
		FCE167AEDFB67B54757C4F2D /* [CP] Check Pods Manifest.lock */ = {
			isa = PBXShellScriptBuildPhase;
			buildActionMask = 2147483647;
			files = (
			);
			inputPaths = (
			);
			name = "[CP] Check Pods Manifest.lock";
			outputPaths = (
			);
			runOnlyForDeploymentPostprocessing = 0;
			shellPath = /bin/sh;
			shellScript = "diff \"${PODS_PODFILE_DIR_PATH}/Podfile.lock\" \"${PODS_ROOT}/Manifest.lock\" > /dev/null\nif [ $? != 0 ] ; then\n    # print error to STDERR\n    echo \"error: The sandbox is not in sync with the Podfile.lock. Run 'pod install' or update your CocoaPods installation.\" >&2\n    exit 1\nfi\n";
			showEnvVarsInLog = 0;
		};
/* End PBXShellScriptBuildPhase section */

/* Begin PBXSourcesBuildPhase section */
		941EFBEE1BB9FB9C00D70257 /* Sources */ = {
			isa = PBXSourcesBuildPhase;
			buildActionMask = 2147483647;
			files = (
				94F4934B1BCF02CE00E8D719 /* MUSWallpaperCollectionViewCell.m in Sources */,
				94AD69EF1BBDABA5009C5553 /* Song.m in Sources */,
				9421B9F41BC47CC300F33EAB /* MUSITunesClient.m in Sources */,
				94B313F81BBAF88200ECB1AD /* MUSAllEntriesViewController.m in Sources */,
				94336B411BC5E2DC00D86420 /* IntroViewController.m in Sources */,
				9450A3EC1BCE1D8F00335606 /* MUSTagManager.m in Sources */,
				94B313FF1BBAF88200ECB1AD /* MUSPlaylistViewController.m in Sources */,
				94B314031BBAF88200ECB1AD /* NSSet+MUSExtraMethod.m in Sources */,
				944842381C02C26A006D05C4 /* EntryWalkthroughView.m in Sources */,
				941F25161BBC388F008C8120 /* MUSIconAnimation.m in Sources */,
				94B313C21BBAF86A00ECB1AD /* Entry+ExtraMethods.m in Sources */,
				941EFBF71BB9FB9C00D70257 /* main.m in Sources */,
				94F7E8EB1BBB4DBC00298CB2 /* MUSSettingsTableViewController.m in Sources */,
				94F493481BCF009500E8D719 /* MUSMoodCollectionViewCell.m in Sources */,
				944468761BD07449003B3F16 /* MUSShareManager.m in Sources */,
				949A64411BD49A2D00614AB1 /* iTellAFriend.m in Sources */,
				94B314001BBAF88200ECB1AD /* MUSTimeFetcher.m in Sources */,
				9477D5B01BCEFF2E0059282F /* MUSWallPaperViewController.m in Sources */,
				94B313FB1BBAF88200ECB1AD /* MUSDetailEntryViewController.m in Sources */,
				94F37E151BD5CEC800CD106C /* MUSMusicPlayerDataStore.m in Sources */,
				944842351C02BDAC006D05C4 /* UIViewController+MUSExtraMethods.m in Sources */,
				94F6BE871BCCAF37009AFC2C /* MUSAutoPlayManager.m in Sources */,
				94D366EF1BD007800080A27B /* MUSTimelineUIManager.m in Sources */,
				94E180641BCDA344008023C5 /* MUSMoodViewController.m in Sources */,
				94DFBBEB1BE045DB00374817 /* UIView+MUSExtraMethods.m in Sources */,
				94B3140A1BBAF88200ECB1AD /* UIFont+MUSFonts.m in Sources */,
				941F254D1BBC4B12008C8120 /* UIImageView+ExtraMethods.m in Sources */,
				94AD69EE1BBDABA5009C5553 /* Song+CoreDataProperties.m in Sources */,
				9421B9FA1BC4AD7200F33EAB /* MUSNotificationManager.m in Sources */,
				94B314071BBAF88200ECB1AD /* Song+MUSExtraMethods.m in Sources */,
				94336B4E1BC60CB200D86420 /* MUSPageViewController.m in Sources */,
				949A643E1BD48CAE00614AB1 /* MUSAboutTableViewController.m in Sources */,
				94B314041BBAF88200ECB1AD /* RKSwipeBetweenViewControllers.m in Sources */,
				94B314021BBAF88200ECB1AD /* NSDate+ExtraMethods.m in Sources */,
				941F25441BBC4A69008C8120 /* MUSImagelessEntryCell.m in Sources */,
				9448423B1C02E7D6006D05C4 /* MUSBlurOverlayViewController.m in Sources */,
				941F25101BBC388F008C8120 /* MUSDataStore.m in Sources */,
				940EE95E1BCF280900270D66 /* MUSWallpaperManager.m in Sources */,
				94AD69F01BBDABA5009C5553 /* Entry+CoreDataProperties.m in Sources */,
				941F253E1BBC4A50008C8120 /* UIColor+MUSColors.m in Sources */,
				941F25291BBC49FF008C8120 /* MUSEntryToolbar.m in Sources */,
				94A892D11BD07A2F0049E25F /* MUSOpenSourceViewController.m in Sources */,
				94B42D0D1BD8056A004322F6 /* MUSStatsView.m in Sources */,
				9410A1431BDABFDD0078EBCE /* MUSMarkdownViewController.m in Sources */,
				941F252E1BBC4A0E008C8120 /* MUSKeyboardTopBar.m in Sources */,
				94B314111BBAF97A00ECB1AD /* MUSActionView.m in Sources */,
				94B313FD1BBAF88200ECB1AD /* MUSHomeViewController.m in Sources */,
				9410A1441BDAC0540078EBCE /* MUSMarkdownTableViewCell.m in Sources */,
				94AD69F11BBDABA5009C5553 /* Entry.m in Sources */,
				945E53551BC70AB900157085 /* MUSConstants.m in Sources */,
				94B313B91BBAF86200ECB1AD /* AppDelegate.m in Sources */,
				941F25381BBC4A3A008C8120 /* MUSSearchBarDelegate.m in Sources */,
				941F25411BBC4A63008C8120 /* MUSEntryTableViewCell.m in Sources */,
				941F254A1BBC4A8D008C8120 /* MuseApp.xcdatamodeld in Sources */,
				942F25501BC7450C0004D806 /* LastWalkthroughViewController.m in Sources */,
				94B3140C1BBAF88200ECB1AD /* UIImagePickerController+ExtraMethods.m in Sources */,
				94B314081BBAF88200ECB1AD /* UIButton+ExtraMethods.m in Sources */,
				941F25151BBC388F008C8120 /* MUSGreetingManager.m in Sources */,
				94E0234B1BBCDADD00404E90 /* UIImage+ExtraMethods.m in Sources */,
				94B314011BBAF88200ECB1AD /* NSAttributedString+MUSExtraMethods.m in Sources */,
				941F25471BBC4A71008C8120 /* MUSSongTableViewCell.m in Sources */,
				94B313FE1BBAF88200ECB1AD /* MUSMusicPlayer.m in Sources */,
			);
			runOnlyForDeploymentPostprocessing = 0;
		};
		941EFC071BB9FB9D00D70257 /* Sources */ = {
			isa = PBXSourcesBuildPhase;
			buildActionMask = 2147483647;
			files = (
				941EFC101BB9FB9D00D70257 /* MuseJournalTests.m in Sources */,
			);
			runOnlyForDeploymentPostprocessing = 0;
		};
		941EFC121BB9FB9D00D70257 /* Sources */ = {
			isa = PBXSourcesBuildPhase;
			buildActionMask = 2147483647;
			files = (
				941EFC1B1BB9FB9D00D70257 /* MuseJournalUITests.m in Sources */,
			);
			runOnlyForDeploymentPostprocessing = 0;
		};
/* End PBXSourcesBuildPhase section */

/* Begin PBXTargetDependency section */
		941EFC0D1BB9FB9D00D70257 /* PBXTargetDependency */ = {
			isa = PBXTargetDependency;
			target = 941EFBF11BB9FB9C00D70257 /* MuseJournal */;
			targetProxy = 941EFC0C1BB9FB9D00D70257 /* PBXContainerItemProxy */;
		};
		941EFC181BB9FB9D00D70257 /* PBXTargetDependency */ = {
			isa = PBXTargetDependency;
			target = 941EFBF11BB9FB9C00D70257 /* MuseJournal */;
			targetProxy = 941EFC171BB9FB9D00D70257 /* PBXContainerItemProxy */;
		};
/* End PBXTargetDependency section */

/* Begin PBXVariantGroup section */
		941EFC031BB9FB9C00D70257 /* LaunchScreen.storyboard */ = {
			isa = PBXVariantGroup;
			children = (
				941EFC041BB9FB9C00D70257 /* Base */,
			);
			name = LaunchScreen.storyboard;
			sourceTree = "<group>";
		};
/* End PBXVariantGroup section */

/* Begin XCBuildConfiguration section */
		941EFC1D1BB9FB9D00D70257 /* Debug */ = {
			isa = XCBuildConfiguration;
			buildSettings = {
				ALWAYS_SEARCH_USER_PATHS = NO;
				CLANG_CXX_LANGUAGE_STANDARD = "gnu++0x";
				CLANG_CXX_LIBRARY = "libc++";
				CLANG_ENABLE_MODULES = YES;
				CLANG_ENABLE_OBJC_ARC = YES;
				CLANG_WARN_BOOL_CONVERSION = YES;
				CLANG_WARN_CONSTANT_CONVERSION = YES;
				CLANG_WARN_DIRECT_OBJC_ISA_USAGE = YES_ERROR;
				CLANG_WARN_EMPTY_BODY = YES;
				CLANG_WARN_ENUM_CONVERSION = YES;
				CLANG_WARN_INT_CONVERSION = YES;
				CLANG_WARN_OBJC_ROOT_CLASS = YES_ERROR;
				CLANG_WARN_UNREACHABLE_CODE = YES;
				CLANG_WARN__DUPLICATE_METHOD_MATCH = YES;
				"CODE_SIGN_IDENTITY[sdk=iphoneos*]" = "iPhone Developer";
				COPY_PHASE_STRIP = NO;
				DEBUG_INFORMATION_FORMAT = dwarf;
				ENABLE_STRICT_OBJC_MSGSEND = YES;
				ENABLE_TESTABILITY = YES;
				GCC_C_LANGUAGE_STANDARD = gnu99;
				GCC_DYNAMIC_NO_PIC = NO;
				GCC_NO_COMMON_BLOCKS = YES;
				GCC_OPTIMIZATION_LEVEL = 0;
				GCC_PREPROCESSOR_DEFINITIONS = (
					"DEBUG=1",
					"$(inherited)",
				);
				GCC_WARN_64_TO_32_BIT_CONVERSION = YES;
				GCC_WARN_ABOUT_RETURN_TYPE = YES_ERROR;
				GCC_WARN_UNDECLARED_SELECTOR = YES;
				GCC_WARN_UNINITIALIZED_AUTOS = YES_AGGRESSIVE;
				GCC_WARN_UNUSED_FUNCTION = YES;
				GCC_WARN_UNUSED_VARIABLE = YES;
				IPHONEOS_DEPLOYMENT_TARGET = 8.4;
				MTL_ENABLE_DEBUG_INFO = YES;
				ONLY_ACTIVE_ARCH = YES;
				SDKROOT = iphoneos;
				TARGETED_DEVICE_FAMILY = "1,2";
			};
			name = Debug;
		};
		941EFC1E1BB9FB9D00D70257 /* Release */ = {
			isa = XCBuildConfiguration;
			buildSettings = {
				ALWAYS_SEARCH_USER_PATHS = NO;
				CLANG_CXX_LANGUAGE_STANDARD = "gnu++0x";
				CLANG_CXX_LIBRARY = "libc++";
				CLANG_ENABLE_MODULES = YES;
				CLANG_ENABLE_OBJC_ARC = YES;
				CLANG_WARN_BOOL_CONVERSION = YES;
				CLANG_WARN_CONSTANT_CONVERSION = YES;
				CLANG_WARN_DIRECT_OBJC_ISA_USAGE = YES_ERROR;
				CLANG_WARN_EMPTY_BODY = YES;
				CLANG_WARN_ENUM_CONVERSION = YES;
				CLANG_WARN_INT_CONVERSION = YES;
				CLANG_WARN_OBJC_ROOT_CLASS = YES_ERROR;
				CLANG_WARN_UNREACHABLE_CODE = YES;
				CLANG_WARN__DUPLICATE_METHOD_MATCH = YES;
				"CODE_SIGN_IDENTITY[sdk=iphoneos*]" = "iPhone Developer";
				COPY_PHASE_STRIP = NO;
				DEBUG_INFORMATION_FORMAT = "dwarf-with-dsym";
				ENABLE_NS_ASSERTIONS = NO;
				ENABLE_STRICT_OBJC_MSGSEND = YES;
				GCC_C_LANGUAGE_STANDARD = gnu99;
				GCC_NO_COMMON_BLOCKS = YES;
				GCC_WARN_64_TO_32_BIT_CONVERSION = YES;
				GCC_WARN_ABOUT_RETURN_TYPE = YES_ERROR;
				GCC_WARN_UNDECLARED_SELECTOR = YES;
				GCC_WARN_UNINITIALIZED_AUTOS = YES_AGGRESSIVE;
				GCC_WARN_UNUSED_FUNCTION = YES;
				GCC_WARN_UNUSED_VARIABLE = YES;
				IPHONEOS_DEPLOYMENT_TARGET = 8.4;
				MTL_ENABLE_DEBUG_INFO = NO;
				SDKROOT = iphoneos;
				TARGETED_DEVICE_FAMILY = "1,2";
				VALIDATE_PRODUCT = YES;
			};
			name = Release;
		};
		941EFC201BB9FB9D00D70257 /* Debug */ = {
			isa = XCBuildConfiguration;
			baseConfigurationReference = 2E59EF699D3F07E020469A41 /* Pods-MuseJournal.debug.xcconfig */;
			buildSettings = {
				ASSETCATALOG_COMPILER_APPICON_NAME = AppIcon;
				CODE_SIGN_IDENTITY = "iPhone Developer";
				"CODE_SIGN_IDENTITY[sdk=iphoneos*]" = "iPhone Developer";
				INFOPLIST_FILE = MuseJournal/Info.plist;
				LD_RUNPATH_SEARCH_PATHS = "$(inherited) @executable_path/Frameworks";
				PRODUCT_BUNDLE_IDENTIFIER = com.leojkwan.MuseJournal;
				PRODUCT_NAME = "$(TARGET_NAME)";
				PROVISIONING_PROFILE = "";
				TARGETED_DEVICE_FAMILY = "1,2";
			};
			name = Debug;
		};
		941EFC211BB9FB9D00D70257 /* Release */ = {
			isa = XCBuildConfiguration;
			baseConfigurationReference = B27C5C4861ABF62F54457989 /* Pods-MuseJournal.release.xcconfig */;
			buildSettings = {
				ASSETCATALOG_COMPILER_APPICON_NAME = AppIcon;
				CODE_SIGN_IDENTITY = "iPhone Developer";
				"CODE_SIGN_IDENTITY[sdk=iphoneos*]" = "iPhone Developer";
				INFOPLIST_FILE = MuseJournal/Info.plist;
				LD_RUNPATH_SEARCH_PATHS = "$(inherited) @executable_path/Frameworks";
				PRODUCT_BUNDLE_IDENTIFIER = com.leojkwan.MuseJournal;
				PRODUCT_NAME = "$(TARGET_NAME)";
				PROVISIONING_PROFILE = "";
				TARGETED_DEVICE_FAMILY = "1,2";
			};
			name = Release;
		};
		941EFC231BB9FB9D00D70257 /* Debug */ = {
			isa = XCBuildConfiguration;
			baseConfigurationReference = 51C25CA8022F0E47625AA7D0 /* Pods-MuseJournalTests.debug.xcconfig */;
			buildSettings = {
				BUNDLE_LOADER = "$(TEST_HOST)";
				INFOPLIST_FILE = MuseJournalTests/Info.plist;
				LD_RUNPATH_SEARCH_PATHS = "$(inherited) @executable_path/Frameworks @loader_path/Frameworks";
				PRODUCT_BUNDLE_IDENTIFIER = com.leojkwan.MuseJournalTests;
				PRODUCT_NAME = "$(TARGET_NAME)";
				TEST_HOST = "$(BUILT_PRODUCTS_DIR)/MuseJournal.app/MuseJournal";
			};
			name = Debug;
		};
		941EFC241BB9FB9D00D70257 /* Release */ = {
			isa = XCBuildConfiguration;
			baseConfigurationReference = 01C14202A142221AF8DED33F /* Pods-MuseJournalTests.release.xcconfig */;
			buildSettings = {
				BUNDLE_LOADER = "$(TEST_HOST)";
				INFOPLIST_FILE = MuseJournalTests/Info.plist;
				LD_RUNPATH_SEARCH_PATHS = "$(inherited) @executable_path/Frameworks @loader_path/Frameworks";
				PRODUCT_BUNDLE_IDENTIFIER = com.leojkwan.MuseJournalTests;
				PRODUCT_NAME = "$(TARGET_NAME)";
				TEST_HOST = "$(BUILT_PRODUCTS_DIR)/MuseJournal.app/MuseJournal";
			};
			name = Release;
		};
		941EFC261BB9FB9D00D70257 /* Debug */ = {
			isa = XCBuildConfiguration;
			baseConfigurationReference = B610C3194D55F3A878388817 /* Pods-MuseJournalUITests.debug.xcconfig */;
			buildSettings = {
				INFOPLIST_FILE = MuseJournalUITests/Info.plist;
				LD_RUNPATH_SEARCH_PATHS = "$(inherited) @executable_path/Frameworks @loader_path/Frameworks";
				PRODUCT_BUNDLE_IDENTIFIER = com.leojkwan.MuseJournalUITests;
				PRODUCT_NAME = "$(TARGET_NAME)";
				TEST_TARGET_NAME = MuseJournal;
				USES_XCTRUNNER = YES;
			};
			name = Debug;
		};
		941EFC271BB9FB9D00D70257 /* Release */ = {
			isa = XCBuildConfiguration;
			baseConfigurationReference = A80F22C67A95127C07F9D46B /* Pods-MuseJournalUITests.release.xcconfig */;
			buildSettings = {
				INFOPLIST_FILE = MuseJournalUITests/Info.plist;
				LD_RUNPATH_SEARCH_PATHS = "$(inherited) @executable_path/Frameworks @loader_path/Frameworks";
				PRODUCT_BUNDLE_IDENTIFIER = com.leojkwan.MuseJournalUITests;
				PRODUCT_NAME = "$(TARGET_NAME)";
				TEST_TARGET_NAME = MuseJournal;
				USES_XCTRUNNER = YES;
			};
			name = Release;
		};
/* End XCBuildConfiguration section */

/* Begin XCConfigurationList section */
		941EFBED1BB9FB9C00D70257 /* Build configuration list for PBXProject "Muse" */ = {
			isa = XCConfigurationList;
			buildConfigurations = (
				941EFC1D1BB9FB9D00D70257 /* Debug */,
				941EFC1E1BB9FB9D00D70257 /* Release */,
			);
			defaultConfigurationIsVisible = 0;
			defaultConfigurationName = Release;
		};
		941EFC1F1BB9FB9D00D70257 /* Build configuration list for PBXNativeTarget "MuseJournal" */ = {
			isa = XCConfigurationList;
			buildConfigurations = (
				941EFC201BB9FB9D00D70257 /* Debug */,
				941EFC211BB9FB9D00D70257 /* Release */,
			);
			defaultConfigurationIsVisible = 0;
			defaultConfigurationName = Release;
		};
		941EFC221BB9FB9D00D70257 /* Build configuration list for PBXNativeTarget "MuseJournalTests" */ = {
			isa = XCConfigurationList;
			buildConfigurations = (
				941EFC231BB9FB9D00D70257 /* Debug */,
				941EFC241BB9FB9D00D70257 /* Release */,
			);
			defaultConfigurationIsVisible = 0;
			defaultConfigurationName = Release;
		};
		941EFC251BB9FB9D00D70257 /* Build configuration list for PBXNativeTarget "MuseJournalUITests" */ = {
			isa = XCConfigurationList;
			buildConfigurations = (
				941EFC261BB9FB9D00D70257 /* Debug */,
				941EFC271BB9FB9D00D70257 /* Release */,
			);
			defaultConfigurationIsVisible = 0;
			defaultConfigurationName = Release;
		};
/* End XCConfigurationList section */

/* Begin XCVersionGroup section */
		941F25481BBC4A8D008C8120 /* MuseApp.xcdatamodeld */ = {
			isa = XCVersionGroup;
			children = (
				941F25491BBC4A8D008C8120 /* MuseApp.xcdatamodel */,
			);
			currentVersion = 941F25491BBC4A8D008C8120 /* MuseApp.xcdatamodel */;
			path = MuseApp.xcdatamodeld;
			sourceTree = "<group>";
			versionGroupType = wrapper.xcdatamodel;
		};
/* End XCVersionGroup section */
	};
	rootObject = 941EFBEA1BB9FB9C00D70257 /* Project object */;
}
