// !$*UTF8*$!
{
	archiveVersion = 1;
	classes = {
	};
	objectVersion = 46;
	objects = {

/* Begin PBXBuildFile section */
		940A85E21B8B9697008C5D2E /* UIButton+ExtraMethods.m in Sources */ = {isa = PBXBuildFile; fileRef = 940A85E11B8B9697008C5D2E /* UIButton+ExtraMethods.m */; };
		940A85E51B8B99B9008C5D2E /* MUSPlaylistViewController.m in Sources */ = {isa = PBXBuildFile; fileRef = 940A85E41B8B99B9008C5D2E /* MUSPlaylistViewController.m */; };
		940A85EA1B8BA0F3008C5D2E /* Song.m in Sources */ = {isa = PBXBuildFile; fileRef = 940A85E71B8BA0F3008C5D2E /* Song.m */; };
		940A85EB1B8BA0F3008C5D2E /* Entry.m in Sources */ = {isa = PBXBuildFile; fileRef = 940A85E91B8BA0F3008C5D2E /* Entry.m */; };
		940ACD2E1B8BA5CA0029230B /* NSSet+MUSExtraMethod.m in Sources */ = {isa = PBXBuildFile; fileRef = 940ACD2D1B8BA5CA0029230B /* NSSet+MUSExtraMethod.m */; };
		9438AA621B8A543700644EB8 /* MUSEntryTableViewCell.m in Sources */ = {isa = PBXBuildFile; fileRef = 9438AA611B8A543700644EB8 /* MUSEntryTableViewCell.m */; };
		944994411B8A1DF400A3E6CF /* main.m in Sources */ = {isa = PBXBuildFile; fileRef = 944994401B8A1DF400A3E6CF /* main.m */; };
		944994441B8A1DF400A3E6CF /* AppDelegate.m in Sources */ = {isa = PBXBuildFile; fileRef = 944994431B8A1DF400A3E6CF /* AppDelegate.m */; };
		944994471B8A1DF400A3E6CF /* MuseApp.xcdatamodeld in Sources */ = {isa = PBXBuildFile; fileRef = 944994451B8A1DF400A3E6CF /* MuseApp.xcdatamodeld */; };
		9449944D1B8A1DF400A3E6CF /* Main.storyboard in Resources */ = {isa = PBXBuildFile; fileRef = 9449944B1B8A1DF400A3E6CF /* Main.storyboard */; };
		9449944F1B8A1DF400A3E6CF /* Images.xcassets in Resources */ = {isa = PBXBuildFile; fileRef = 9449944E1B8A1DF400A3E6CF /* Images.xcassets */; };
		944994521B8A1DF400A3E6CF /* LaunchScreen.xib in Resources */ = {isa = PBXBuildFile; fileRef = 944994501B8A1DF400A3E6CF /* LaunchScreen.xib */; };
		9449945E1B8A1DF400A3E6CF /* MuseAppTests.m in Sources */ = {isa = PBXBuildFile; fileRef = 9449945D1B8A1DF400A3E6CF /* MuseAppTests.m */; };
		94939D3B1B8B7618003396ED /* MUSMusicPlayer.m in Sources */ = {isa = PBXBuildFile; fileRef = 94939D3A1B8B7618003396ED /* MUSMusicPlayer.m */; };
		94A86B5F1B8E929800A45E79 /* MUSKeyboardTopBar.xib in Resources */ = {isa = PBXBuildFile; fileRef = 94A86B5E1B8E929800A45E79 /* MUSKeyboardTopBar.xib */; };
		94A86B621B8E92AD00A45E79 /* MUSKeyboardTopBar.m in Sources */ = {isa = PBXBuildFile; fileRef = 94A86B611B8E92AD00A45E79 /* MUSKeyboardTopBar.m */; };
		94DEB2F81B8A20EE001509C9 /* MUSDataStore.m in Sources */ = {isa = PBXBuildFile; fileRef = 94DEB2F71B8A20EE001509C9 /* MUSDataStore.m */; };
		94DEB3161B8A2C1C001509C9 /* MUSAllEntriesViewController.m in Sources */ = {isa = PBXBuildFile; fileRef = 94DEB3151B8A2C1C001509C9 /* MUSAllEntriesViewController.m */; };
		94DEB31C1B8A2EE8001509C9 /* MUSDetailEntryViewController.m in Sources */ = {isa = PBXBuildFile; fileRef = 94DEB31B1B8A2EE8001509C9 /* MUSDetailEntryViewController.m */; };
		DDB9ED792C1A6E788E0C7ACE /* libPods-MuseApp.a in Frameworks */ = {isa = PBXBuildFile; fileRef = 8DBE9CBC1F7E542A4F577310 /* libPods-MuseApp.a */; };
/* End PBXBuildFile section */

/* Begin PBXContainerItemProxy section */
		944994581B8A1DF400A3E6CF /* PBXContainerItemProxy */ = {
			isa = PBXContainerItemProxy;
			containerPortal = 944994331B8A1DF400A3E6CF /* Project object */;
			proxyType = 1;
			remoteGlobalIDString = 9449943A1B8A1DF400A3E6CF;
			remoteInfo = MuseApp;
		};
/* End PBXContainerItemProxy section */

/* Begin PBXFileReference section */
		37C7CC5993CE8D4DA87E2D26 /* Pods-MuseApp.release.xcconfig */ = {isa = PBXFileReference; includeInIndex = 1; lastKnownFileType = text.xcconfig; name = "Pods-MuseApp.release.xcconfig"; path = "Pods/Target Support Files/Pods-MuseApp/Pods-MuseApp.release.xcconfig"; sourceTree = "<group>"; };
		8DBE9CBC1F7E542A4F577310 /* libPods-MuseApp.a */ = {isa = PBXFileReference; explicitFileType = archive.ar; includeInIndex = 0; path = "libPods-MuseApp.a"; sourceTree = BUILT_PRODUCTS_DIR; };
		940A85E01B8B9697008C5D2E /* UIButton+ExtraMethods.h */ = {isa = PBXFileReference; fileEncoding = 4; lastKnownFileType = sourcecode.c.h; path = "UIButton+ExtraMethods.h"; sourceTree = "<group>"; };
		940A85E11B8B9697008C5D2E /* UIButton+ExtraMethods.m */ = {isa = PBXFileReference; fileEncoding = 4; lastKnownFileType = sourcecode.c.objc; path = "UIButton+ExtraMethods.m"; sourceTree = "<group>"; };
		940A85E31B8B99B9008C5D2E /* MUSPlaylistViewController.h */ = {isa = PBXFileReference; fileEncoding = 4; lastKnownFileType = sourcecode.c.h; path = MUSPlaylistViewController.h; sourceTree = "<group>"; };
		940A85E41B8B99B9008C5D2E /* MUSPlaylistViewController.m */ = {isa = PBXFileReference; fileEncoding = 4; lastKnownFileType = sourcecode.c.objc; path = MUSPlaylistViewController.m; sourceTree = "<group>"; };
		940A85E61B8BA0F3008C5D2E /* Song.h */ = {isa = PBXFileReference; fileEncoding = 4; lastKnownFileType = sourcecode.c.h; path = Song.h; sourceTree = "<group>"; };
		940A85E71B8BA0F3008C5D2E /* Song.m */ = {isa = PBXFileReference; fileEncoding = 4; lastKnownFileType = sourcecode.c.objc; path = Song.m; sourceTree = "<group>"; };
		940A85E81B8BA0F3008C5D2E /* Entry.h */ = {isa = PBXFileReference; fileEncoding = 4; lastKnownFileType = sourcecode.c.h; path = Entry.h; sourceTree = "<group>"; };
		940A85E91B8BA0F3008C5D2E /* Entry.m */ = {isa = PBXFileReference; fileEncoding = 4; lastKnownFileType = sourcecode.c.objc; path = Entry.m; sourceTree = "<group>"; };
		940ACD2C1B8BA5CA0029230B /* NSSet+MUSExtraMethod.h */ = {isa = PBXFileReference; fileEncoding = 4; lastKnownFileType = sourcecode.c.h; name = "NSSet+MUSExtraMethod.h"; path = "../NSSet+MUSExtraMethod.h"; sourceTree = "<group>"; };
		940ACD2D1B8BA5CA0029230B /* NSSet+MUSExtraMethod.m */ = {isa = PBXFileReference; fileEncoding = 4; lastKnownFileType = sourcecode.c.objc; name = "NSSet+MUSExtraMethod.m"; path = "../NSSet+MUSExtraMethod.m"; sourceTree = "<group>"; };
		9438AA601B8A543700644EB8 /* MUSEntryTableViewCell.h */ = {isa = PBXFileReference; fileEncoding = 4; lastKnownFileType = sourcecode.c.h; path = MUSEntryTableViewCell.h; sourceTree = "<group>"; };
		9438AA611B8A543700644EB8 /* MUSEntryTableViewCell.m */ = {isa = PBXFileReference; fileEncoding = 4; lastKnownFileType = sourcecode.c.objc; path = MUSEntryTableViewCell.m; sourceTree = "<group>"; };
		9449943B1B8A1DF400A3E6CF /* MuseApp.app */ = {isa = PBXFileReference; explicitFileType = wrapper.application; includeInIndex = 0; path = MuseApp.app; sourceTree = BUILT_PRODUCTS_DIR; };
		9449943F1B8A1DF400A3E6CF /* Info.plist */ = {isa = PBXFileReference; lastKnownFileType = text.plist.xml; path = Info.plist; sourceTree = "<group>"; };
		944994401B8A1DF400A3E6CF /* main.m */ = {isa = PBXFileReference; lastKnownFileType = sourcecode.c.objc; path = main.m; sourceTree = "<group>"; };
		944994421B8A1DF400A3E6CF /* AppDelegate.h */ = {isa = PBXFileReference; lastKnownFileType = sourcecode.c.h; path = AppDelegate.h; sourceTree = "<group>"; };
		944994431B8A1DF400A3E6CF /* AppDelegate.m */ = {isa = PBXFileReference; lastKnownFileType = sourcecode.c.objc; path = AppDelegate.m; sourceTree = "<group>"; };
		944994461B8A1DF400A3E6CF /* MuseApp.xcdatamodel */ = {isa = PBXFileReference; lastKnownFileType = wrapper.xcdatamodel; path = MuseApp.xcdatamodel; sourceTree = "<group>"; };
		9449944C1B8A1DF400A3E6CF /* Base */ = {isa = PBXFileReference; lastKnownFileType = file.storyboard; name = Base; path = Base.lproj/Main.storyboard; sourceTree = "<group>"; };
		9449944E1B8A1DF400A3E6CF /* Images.xcassets */ = {isa = PBXFileReference; lastKnownFileType = folder.assetcatalog; path = Images.xcassets; sourceTree = "<group>"; };
		944994511B8A1DF400A3E6CF /* Base */ = {isa = PBXFileReference; lastKnownFileType = file.xib; name = Base; path = Base.lproj/LaunchScreen.xib; sourceTree = "<group>"; };
		944994571B8A1DF400A3E6CF /* MuseAppTests.xctest */ = {isa = PBXFileReference; explicitFileType = wrapper.cfbundle; includeInIndex = 0; path = MuseAppTests.xctest; sourceTree = BUILT_PRODUCTS_DIR; };
		9449945C1B8A1DF400A3E6CF /* Info.plist */ = {isa = PBXFileReference; lastKnownFileType = text.plist.xml; path = Info.plist; sourceTree = "<group>"; };
		9449945D1B8A1DF400A3E6CF /* MuseAppTests.m */ = {isa = PBXFileReference; lastKnownFileType = sourcecode.c.objc; path = MuseAppTests.m; sourceTree = "<group>"; };
		94939D391B8B7618003396ED /* MUSMusicPlayer.h */ = {isa = PBXFileReference; fileEncoding = 4; lastKnownFileType = sourcecode.c.h; path = MUSMusicPlayer.h; sourceTree = "<group>"; };
		94939D3A1B8B7618003396ED /* MUSMusicPlayer.m */ = {isa = PBXFileReference; fileEncoding = 4; lastKnownFileType = sourcecode.c.objc; path = MUSMusicPlayer.m; sourceTree = "<group>"; };
		94A86B5E1B8E929800A45E79 /* MUSKeyboardTopBar.xib */ = {isa = PBXFileReference; fileEncoding = 4; lastKnownFileType = file.xib; path = MUSKeyboardTopBar.xib; sourceTree = "<group>"; };
		94A86B601B8E92AD00A45E79 /* MUSKeyboardTopBar.h */ = {isa = PBXFileReference; fileEncoding = 4; lastKnownFileType = sourcecode.c.h; path = MUSKeyboardTopBar.h; sourceTree = "<group>"; };
		94A86B611B8E92AD00A45E79 /* MUSKeyboardTopBar.m */ = {isa = PBXFileReference; fileEncoding = 4; lastKnownFileType = sourcecode.c.objc; path = MUSKeyboardTopBar.m; sourceTree = "<group>"; };
		94DEB2F61B8A20EE001509C9 /* MUSDataStore.h */ = {isa = PBXFileReference; fileEncoding = 4; lastKnownFileType = sourcecode.c.h; path = MUSDataStore.h; sourceTree = "<group>"; };
		94DEB2F71B8A20EE001509C9 /* MUSDataStore.m */ = {isa = PBXFileReference; fileEncoding = 4; lastKnownFileType = sourcecode.c.objc; path = MUSDataStore.m; sourceTree = "<group>"; };
		94DEB3141B8A2C1C001509C9 /* MUSAllEntriesViewController.h */ = {isa = PBXFileReference; fileEncoding = 4; lastKnownFileType = sourcecode.c.h; path = MUSAllEntriesViewController.h; sourceTree = "<group>"; };
		94DEB3151B8A2C1C001509C9 /* MUSAllEntriesViewController.m */ = {isa = PBXFileReference; fileEncoding = 4; lastKnownFileType = sourcecode.c.objc; path = MUSAllEntriesViewController.m; sourceTree = "<group>"; };
		94DEB31A1B8A2EE8001509C9 /* MUSDetailEntryViewController.h */ = {isa = PBXFileReference; fileEncoding = 4; lastKnownFileType = sourcecode.c.h; path = MUSDetailEntryViewController.h; sourceTree = "<group>"; };
		94DEB31B1B8A2EE8001509C9 /* MUSDetailEntryViewController.m */ = {isa = PBXFileReference; fileEncoding = 4; lastKnownFileType = sourcecode.c.objc; path = MUSDetailEntryViewController.m; sourceTree = "<group>"; };
		FB068C5D55F63EBB0CDAC82E /* Pods-MuseApp.debug.xcconfig */ = {isa = PBXFileReference; includeInIndex = 1; lastKnownFileType = text.xcconfig; name = "Pods-MuseApp.debug.xcconfig"; path = "Pods/Target Support Files/Pods-MuseApp/Pods-MuseApp.debug.xcconfig"; sourceTree = "<group>"; };
/* End PBXFileReference section */

/* Begin PBXFrameworksBuildPhase section */
		944994381B8A1DF400A3E6CF /* Frameworks */ = {
			isa = PBXFrameworksBuildPhase;
			buildActionMask = 2147483647;
			files = (
				DDB9ED792C1A6E788E0C7ACE /* libPods-MuseApp.a in Frameworks */,
			);
			runOnlyForDeploymentPostprocessing = 0;
		};
		944994541B8A1DF400A3E6CF /* Frameworks */ = {
			isa = PBXFrameworksBuildPhase;
			buildActionMask = 2147483647;
			files = (
			);
			runOnlyForDeploymentPostprocessing = 0;
		};
/* End PBXFrameworksBuildPhase section */

/* Begin PBXGroup section */
		5617EA71E77992F81548B0E2 /* Pods */ = {
			isa = PBXGroup;
			children = (
				FB068C5D55F63EBB0CDAC82E /* Pods-MuseApp.debug.xcconfig */,
				37C7CC5993CE8D4DA87E2D26 /* Pods-MuseApp.release.xcconfig */,
			);
			name = Pods;
			sourceTree = "<group>";
		};
		940ACD2F1B8BE8660029230B /* Categories */ = {
			isa = PBXGroup;
			children = (
				940ACD2C1B8BA5CA0029230B /* NSSet+MUSExtraMethod.h */,
				940ACD2D1B8BA5CA0029230B /* NSSet+MUSExtraMethod.m */,
				940A85E01B8B9697008C5D2E /* UIButton+ExtraMethods.h */,
				940A85E11B8B9697008C5D2E /* UIButton+ExtraMethods.m */,
			);
			name = Categories;
			sourceTree = "<group>";
		};
		940ACD301B8BE8A00029230B /* Datastores */ = {
			isa = PBXGroup;
			children = (
				94DEB2F61B8A20EE001509C9 /* MUSDataStore.h */,
				94DEB2F71B8A20EE001509C9 /* MUSDataStore.m */,
			);
			name = Datastores;
			sourceTree = "<group>";
		};
		9438AA631B8A543A00644EB8 /* Models */ = {
			isa = PBXGroup;
			children = (
				944994451B8A1DF400A3E6CF /* MuseApp.xcdatamodeld */,
				940A85E61B8BA0F3008C5D2E /* Song.h */,
				940A85E71B8BA0F3008C5D2E /* Song.m */,
				940A85E81B8BA0F3008C5D2E /* Entry.h */,
				940A85E91B8BA0F3008C5D2E /* Entry.m */,
				94939D391B8B7618003396ED /* MUSMusicPlayer.h */,
				94939D3A1B8B7618003396ED /* MUSMusicPlayer.m */,
			);
			name = Models;
			sourceTree = "<group>";
		};
		9438AA641B8A544400644EB8 /* Views */ = {
			isa = PBXGroup;
			children = (
				9449944B1B8A1DF400A3E6CF /* Main.storyboard */,
				94A86B5E1B8E929800A45E79 /* MUSKeyboardTopBar.xib */,
				94A86B601B8E92AD00A45E79 /* MUSKeyboardTopBar.h */,
				94A86B611B8E92AD00A45E79 /* MUSKeyboardTopBar.m */,
			);
			name = Views;
			sourceTree = "<group>";
		};
		9438AA651B8A545700644EB8 /* View Controllers */ = {
			isa = PBXGroup;
			children = (
				940A85E31B8B99B9008C5D2E /* MUSPlaylistViewController.h */,
				940A85E41B8B99B9008C5D2E /* MUSPlaylistViewController.m */,
				94DEB3141B8A2C1C001509C9 /* MUSAllEntriesViewController.h */,
				94DEB3151B8A2C1C001509C9 /* MUSAllEntriesViewController.m */,
				94DEB31A1B8A2EE8001509C9 /* MUSDetailEntryViewController.h */,
				94DEB31B1B8A2EE8001509C9 /* MUSDetailEntryViewController.m */,
			);
			name = "View Controllers";
			sourceTree = "<group>";
		};
		944994321B8A1DF400A3E6CF = {
			isa = PBXGroup;
			children = (
				9449943D1B8A1DF400A3E6CF /* MuseApp */,
				9449945A1B8A1DF400A3E6CF /* MuseAppTests */,
				9449943C1B8A1DF400A3E6CF /* Products */,
				5617EA71E77992F81548B0E2 /* Pods */,
				E9B616135B287E7DB3D9FB2E /* Frameworks */,
			);
			sourceTree = "<group>";
		};
		9449943C1B8A1DF400A3E6CF /* Products */ = {
			isa = PBXGroup;
			children = (
				9449943B1B8A1DF400A3E6CF /* MuseApp.app */,
				944994571B8A1DF400A3E6CF /* MuseAppTests.xctest */,
			);
			name = Products;
			sourceTree = "<group>";
		};
		9449943D1B8A1DF400A3E6CF /* MuseApp */ = {
			isa = PBXGroup;
			children = (
				940ACD2F1B8BE8660029230B /* Categories */,
				9438AA651B8A545700644EB8 /* View Controllers */,
				94AF0FB81B8F8444001B906F /* Custom Cells */,
				9438AA641B8A544400644EB8 /* Views */,
				940ACD301B8BE8A00029230B /* Datastores */,
				9438AA631B8A543A00644EB8 /* Models */,
				9449944E1B8A1DF400A3E6CF /* Images.xcassets */,
				9449943E1B8A1DF400A3E6CF /* Supporting Files */,
			);
			path = MuseApp;
			sourceTree = "<group>";
		};
		9449943E1B8A1DF400A3E6CF /* Supporting Files */ = {
			isa = PBXGroup;
			children = (
				944994501B8A1DF400A3E6CF /* LaunchScreen.xib */,
				944994421B8A1DF400A3E6CF /* AppDelegate.h */,
				944994431B8A1DF400A3E6CF /* AppDelegate.m */,
				9449943F1B8A1DF400A3E6CF /* Info.plist */,
				944994401B8A1DF400A3E6CF /* main.m */,
			);
			name = "Supporting Files";
			sourceTree = "<group>";
		};
		9449945A1B8A1DF400A3E6CF /* MuseAppTests */ = {
			isa = PBXGroup;
			children = (
				9449945D1B8A1DF400A3E6CF /* MuseAppTests.m */,
				9449945B1B8A1DF400A3E6CF /* Supporting Files */,
			);
			path = MuseAppTests;
			sourceTree = "<group>";
		};
		9449945B1B8A1DF400A3E6CF /* Supporting Files */ = {
			isa = PBXGroup;
			children = (
				9449945C1B8A1DF400A3E6CF /* Info.plist */,
			);
			name = "Supporting Files";
			sourceTree = "<group>";
		};
		94AF0FB81B8F8444001B906F /* Custom Cells */ = {
			isa = PBXGroup;
			children = (
				9438AA601B8A543700644EB8 /* MUSEntryTableViewCell.h */,
				9438AA611B8A543700644EB8 /* MUSEntryTableViewCell.m */,
			);
			name = "Custom Cells";
			sourceTree = "<group>";
		};
		E9B616135B287E7DB3D9FB2E /* Frameworks */ = {
			isa = PBXGroup;
			children = (
				8DBE9CBC1F7E542A4F577310 /* libPods-MuseApp.a */,
			);
			name = Frameworks;
			sourceTree = "<group>";
		};
/* End PBXGroup section */

/* Begin PBXNativeTarget section */
		9449943A1B8A1DF400A3E6CF /* MuseApp */ = {
			isa = PBXNativeTarget;
			buildConfigurationList = 944994611B8A1DF400A3E6CF /* Build configuration list for PBXNativeTarget "MuseApp" */;
			buildPhases = (
				02B9743DEDE853C9DE5BA232 /* Check Pods Manifest.lock */,
				944994371B8A1DF400A3E6CF /* Sources */,
				944994381B8A1DF400A3E6CF /* Frameworks */,
				944994391B8A1DF400A3E6CF /* Resources */,
				AC35461F23FE1BED00807759 /* Copy Pods Resources */,
			);
			buildRules = (
			);
			dependencies = (
			);
			name = MuseApp;
			productName = MuseApp;
			productReference = 9449943B1B8A1DF400A3E6CF /* MuseApp.app */;
			productType = "com.apple.product-type.application";
		};
		944994561B8A1DF400A3E6CF /* MuseAppTests */ = {
			isa = PBXNativeTarget;
			buildConfigurationList = 944994641B8A1DF400A3E6CF /* Build configuration list for PBXNativeTarget "MuseAppTests" */;
			buildPhases = (
				944994531B8A1DF400A3E6CF /* Sources */,
				944994541B8A1DF400A3E6CF /* Frameworks */,
				944994551B8A1DF400A3E6CF /* Resources */,
			);
			buildRules = (
			);
			dependencies = (
				944994591B8A1DF400A3E6CF /* PBXTargetDependency */,
			);
			name = MuseAppTests;
			productName = MuseAppTests;
			productReference = 944994571B8A1DF400A3E6CF /* MuseAppTests.xctest */;
			productType = "com.apple.product-type.bundle.unit-test";
		};
/* End PBXNativeTarget section */

/* Begin PBXProject section */
		944994331B8A1DF400A3E6CF /* Project object */ = {
			isa = PBXProject;
			attributes = {
				CLASSPREFIX = MUS;
				LastUpgradeCheck = 0640;
				ORGANIZATIONNAME = "Leo Kwan";
				TargetAttributes = {
					9449943A1B8A1DF400A3E6CF = {
						CreatedOnToolsVersion = 6.4;
						DevelopmentTeam = DWCYJ9H353;
					};
					944994561B8A1DF400A3E6CF = {
						CreatedOnToolsVersion = 6.4;
						TestTargetID = 9449943A1B8A1DF400A3E6CF;
					};
				};
			};
			buildConfigurationList = 944994361B8A1DF400A3E6CF /* Build configuration list for PBXProject "MuseApp" */;
			compatibilityVersion = "Xcode 3.2";
			developmentRegion = English;
			hasScannedForEncodings = 0;
			knownRegions = (
				en,
				Base,
			);
			mainGroup = 944994321B8A1DF400A3E6CF;
			productRefGroup = 9449943C1B8A1DF400A3E6CF /* Products */;
			projectDirPath = "";
			projectRoot = "";
			targets = (
				9449943A1B8A1DF400A3E6CF /* MuseApp */,
				944994561B8A1DF400A3E6CF /* MuseAppTests */,
			);
		};
/* End PBXProject section */

/* Begin PBXResourcesBuildPhase section */
		944994391B8A1DF400A3E6CF /* Resources */ = {
			isa = PBXResourcesBuildPhase;
			buildActionMask = 2147483647;
			files = (
				94A86B5F1B8E929800A45E79 /* MUSKeyboardTopBar.xib in Resources */,
				9449944D1B8A1DF400A3E6CF /* Main.storyboard in Resources */,
				944994521B8A1DF400A3E6CF /* LaunchScreen.xib in Resources */,
				9449944F1B8A1DF400A3E6CF /* Images.xcassets in Resources */,
			);
			runOnlyForDeploymentPostprocessing = 0;
		};
		944994551B8A1DF400A3E6CF /* Resources */ = {
			isa = PBXResourcesBuildPhase;
			buildActionMask = 2147483647;
			files = (
			);
			runOnlyForDeploymentPostprocessing = 0;
		};
/* End PBXResourcesBuildPhase section */

/* Begin PBXShellScriptBuildPhase section */
		02B9743DEDE853C9DE5BA232 /* Check Pods Manifest.lock */ = {
			isa = PBXShellScriptBuildPhase;
			buildActionMask = 2147483647;
			files = (
			);
			inputPaths = (
			);
			name = "Check Pods Manifest.lock";
			outputPaths = (
			);
			runOnlyForDeploymentPostprocessing = 0;
			shellPath = /bin/sh;
			shellScript = "diff \"${PODS_ROOT}/../Podfile.lock\" \"${PODS_ROOT}/Manifest.lock\" > /dev/null\nif [[ $? != 0 ]] ; then\n    cat << EOM\nerror: The sandbox is not in sync with the Podfile.lock. Run 'pod install' or update your CocoaPods installation.\nEOM\n    exit 1\nfi\n";
			showEnvVarsInLog = 0;
		};
		AC35461F23FE1BED00807759 /* Copy Pods Resources */ = {
			isa = PBXShellScriptBuildPhase;
			buildActionMask = 2147483647;
			files = (
			);
			inputPaths = (
			);
			name = "Copy Pods Resources";
			outputPaths = (
			);
			runOnlyForDeploymentPostprocessing = 0;
			shellPath = /bin/sh;
			shellScript = "\"${SRCROOT}/Pods/Target Support Files/Pods-MuseApp/Pods-MuseApp-resources.sh\"\n";
			showEnvVarsInLog = 0;
		};
/* End PBXShellScriptBuildPhase section */

/* Begin PBXSourcesBuildPhase section */
		944994371B8A1DF400A3E6CF /* Sources */ = {
			isa = PBXSourcesBuildPhase;
			buildActionMask = 2147483647;
			files = (
				940ACD2E1B8BA5CA0029230B /* NSSet+MUSExtraMethod.m in Sources */,
				940A85EB1B8BA0F3008C5D2E /* Entry.m in Sources */,
				940A85E51B8B99B9008C5D2E /* MUSPlaylistViewController.m in Sources */,
				94939D3B1B8B7618003396ED /* MUSMusicPlayer.m in Sources */,
				944994471B8A1DF400A3E6CF /* MuseApp.xcdatamodeld in Sources */,
				94DEB2F81B8A20EE001509C9 /* MUSDataStore.m in Sources */,
				944994441B8A1DF400A3E6CF /* AppDelegate.m in Sources */,
				940A85EA1B8BA0F3008C5D2E /* Song.m in Sources */,
				940A85E21B8B9697008C5D2E /* UIButton+ExtraMethods.m in Sources */,
				9438AA621B8A543700644EB8 /* MUSEntryTableViewCell.m in Sources */,
				94DEB3161B8A2C1C001509C9 /* MUSAllEntriesViewController.m in Sources */,
				94DEB31C1B8A2EE8001509C9 /* MUSDetailEntryViewController.m in Sources */,
				94A86B621B8E92AD00A45E79 /* MUSKeyboardTopBar.m in Sources */,
				944994411B8A1DF400A3E6CF /* main.m in Sources */,
			);
			runOnlyForDeploymentPostprocessing = 0;
		};
		944994531B8A1DF400A3E6CF /* Sources */ = {
			isa = PBXSourcesBuildPhase;
			buildActionMask = 2147483647;
			files = (
				9449945E1B8A1DF400A3E6CF /* MuseAppTests.m in Sources */,
			);
			runOnlyForDeploymentPostprocessing = 0;
		};
/* End PBXSourcesBuildPhase section */

/* Begin PBXTargetDependency section */
		944994591B8A1DF400A3E6CF /* PBXTargetDependency */ = {
			isa = PBXTargetDependency;
			target = 9449943A1B8A1DF400A3E6CF /* MuseApp */;
			targetProxy = 944994581B8A1DF400A3E6CF /* PBXContainerItemProxy */;
		};
/* End PBXTargetDependency section */

/* Begin PBXVariantGroup section */
		9449944B1B8A1DF400A3E6CF /* Main.storyboard */ = {
			isa = PBXVariantGroup;
			children = (
				9449944C1B8A1DF400A3E6CF /* Base */,
			);
			name = Main.storyboard;
			sourceTree = "<group>";
		};
		944994501B8A1DF400A3E6CF /* LaunchScreen.xib */ = {
			isa = PBXVariantGroup;
			children = (
				944994511B8A1DF400A3E6CF /* Base */,
			);
			name = LaunchScreen.xib;
			sourceTree = "<group>";
		};
/* End PBXVariantGroup section */

/* Begin XCBuildConfiguration section */
		9449945F1B8A1DF400A3E6CF /* Debug */ = {
			isa = XCBuildConfiguration;
			buildSettings = {
				ALWAYS_SEARCH_USER_PATHS = NO;
				CLANG_CXX_LANGUAGE_STANDARD = "gnu++0x";
				CLANG_CXX_LIBRARY = "libc++";
				CLANG_ENABLE_MODULES = YES;
				CLANG_ENABLE_OBJC_ARC = YES;
				CLANG_WARN_BOOL_CONVERSION = YES;
				CLANG_WARN_CONSTANT_CONVERSION = YES;
				CLANG_WARN_DIRECT_OBJC_ISA_USAGE = YES_ERROR;
				CLANG_WARN_EMPTY_BODY = YES;
				CLANG_WARN_ENUM_CONVERSION = YES;
				CLANG_WARN_INT_CONVERSION = YES;
				CLANG_WARN_OBJC_ROOT_CLASS = YES_ERROR;
				CLANG_WARN_UNREACHABLE_CODE = YES;
				CLANG_WARN__DUPLICATE_METHOD_MATCH = YES;
				"CODE_SIGN_IDENTITY[sdk=iphoneos*]" = "iPhone Developer";
				COPY_PHASE_STRIP = NO;
				DEBUG_INFORMATION_FORMAT = "dwarf-with-dsym";
				ENABLE_STRICT_OBJC_MSGSEND = YES;
				GCC_C_LANGUAGE_STANDARD = gnu99;
				GCC_DYNAMIC_NO_PIC = NO;
				GCC_NO_COMMON_BLOCKS = YES;
				GCC_OPTIMIZATION_LEVEL = 0;
				GCC_PREPROCESSOR_DEFINITIONS = (
					"DEBUG=1",
					"$(inherited)",
				);
				GCC_SYMBOLS_PRIVATE_EXTERN = NO;
				GCC_WARN_64_TO_32_BIT_CONVERSION = YES;
				GCC_WARN_ABOUT_RETURN_TYPE = YES_ERROR;
				GCC_WARN_UNDECLARED_SELECTOR = YES;
				GCC_WARN_UNINITIALIZED_AUTOS = YES_AGGRESSIVE;
				GCC_WARN_UNUSED_FUNCTION = YES;
				GCC_WARN_UNUSED_VARIABLE = YES;
				IPHONEOS_DEPLOYMENT_TARGET = 8.4;
				MTL_ENABLE_DEBUG_INFO = YES;
				ONLY_ACTIVE_ARCH = YES;
				SDKROOT = iphoneos;
				TARGETED_DEVICE_FAMILY = "1,2";
			};
			name = Debug;
		};
		944994601B8A1DF400A3E6CF /* Release */ = {
			isa = XCBuildConfiguration;
			buildSettings = {
				ALWAYS_SEARCH_USER_PATHS = NO;
				CLANG_CXX_LANGUAGE_STANDARD = "gnu++0x";
				CLANG_CXX_LIBRARY = "libc++";
				CLANG_ENABLE_MODULES = YES;
				CLANG_ENABLE_OBJC_ARC = YES;
				CLANG_WARN_BOOL_CONVERSION = YES;
				CLANG_WARN_CONSTANT_CONVERSION = YES;
				CLANG_WARN_DIRECT_OBJC_ISA_USAGE = YES_ERROR;
				CLANG_WARN_EMPTY_BODY = YES;
				CLANG_WARN_ENUM_CONVERSION = YES;
				CLANG_WARN_INT_CONVERSION = YES;
				CLANG_WARN_OBJC_ROOT_CLASS = YES_ERROR;
				CLANG_WARN_UNREACHABLE_CODE = YES;
				CLANG_WARN__DUPLICATE_METHOD_MATCH = YES;
				"CODE_SIGN_IDENTITY[sdk=iphoneos*]" = "iPhone Developer";
				COPY_PHASE_STRIP = NO;
				DEBUG_INFORMATION_FORMAT = "dwarf-with-dsym";
				ENABLE_NS_ASSERTIONS = NO;
				ENABLE_STRICT_OBJC_MSGSEND = YES;
				GCC_C_LANGUAGE_STANDARD = gnu99;
				GCC_NO_COMMON_BLOCKS = YES;
				GCC_WARN_64_TO_32_BIT_CONVERSION = YES;
				GCC_WARN_ABOUT_RETURN_TYPE = YES_ERROR;
				GCC_WARN_UNDECLARED_SELECTOR = YES;
				GCC_WARN_UNINITIALIZED_AUTOS = YES_AGGRESSIVE;
				GCC_WARN_UNUSED_FUNCTION = YES;
				GCC_WARN_UNUSED_VARIABLE = YES;
				IPHONEOS_DEPLOYMENT_TARGET = 8.4;
				MTL_ENABLE_DEBUG_INFO = NO;
				SDKROOT = iphoneos;
				TARGETED_DEVICE_FAMILY = "1,2";
				VALIDATE_PRODUCT = YES;
			};
			name = Release;
		};
		944994621B8A1DF400A3E6CF /* Debug */ = {
			isa = XCBuildConfiguration;
			baseConfigurationReference = FB068C5D55F63EBB0CDAC82E /* Pods-MuseApp.debug.xcconfig */;
			buildSettings = {
				ASSETCATALOG_COMPILER_APPICON_NAME = AppIcon;
				CODE_SIGN_IDENTITY = "iPhone Developer";
				INFOPLIST_FILE = MuseApp/Info.plist;
				LD_RUNPATH_SEARCH_PATHS = "$(inherited) @executable_path/Frameworks";
				PRODUCT_NAME = "$(TARGET_NAME)";
			};
			name = Debug;
		};
		944994631B8A1DF400A3E6CF /* Release */ = {
			isa = XCBuildConfiguration;
			baseConfigurationReference = 37C7CC5993CE8D4DA87E2D26 /* Pods-MuseApp.release.xcconfig */;
			buildSettings = {
				ASSETCATALOG_COMPILER_APPICON_NAME = AppIcon;
				CODE_SIGN_IDENTITY = "iPhone Developer";
				INFOPLIST_FILE = MuseApp/Info.plist;
				LD_RUNPATH_SEARCH_PATHS = "$(inherited) @executable_path/Frameworks";
				PRODUCT_NAME = "$(TARGET_NAME)";
			};
			name = Release;
		};
		944994651B8A1DF400A3E6CF /* Debug */ = {
			isa = XCBuildConfiguration;
			buildSettings = {
				BUNDLE_LOADER = "$(TEST_HOST)";
				FRAMEWORK_SEARCH_PATHS = (
					"$(SDKROOT)/Developer/Library/Frameworks",
					"$(inherited)",
				);
				GCC_PREPROCESSOR_DEFINITIONS = (
					"DEBUG=1",
					"$(inherited)",
				);
				INFOPLIST_FILE = MuseAppTests/Info.plist;
				LD_RUNPATH_SEARCH_PATHS = "$(inherited) @executable_path/Frameworks @loader_path/Frameworks";
				PRODUCT_NAME = "$(TARGET_NAME)";
				TEST_HOST = "$(BUILT_PRODUCTS_DIR)/MuseApp.app/MuseApp";
			};
			name = Debug;
		};
		944994661B8A1DF400A3E6CF /* Release */ = {
			isa = XCBuildConfiguration;
			buildSettings = {
				BUNDLE_LOADER = "$(TEST_HOST)";
				FRAMEWORK_SEARCH_PATHS = (
					"$(SDKROOT)/Developer/Library/Frameworks",
					"$(inherited)",
				);
				INFOPLIST_FILE = MuseAppTests/Info.plist;
				LD_RUNPATH_SEARCH_PATHS = "$(inherited) @executable_path/Frameworks @loader_path/Frameworks";
				PRODUCT_NAME = "$(TARGET_NAME)";
				TEST_HOST = "$(BUILT_PRODUCTS_DIR)/MuseApp.app/MuseApp";
			};
			name = Release;
		};
/* End XCBuildConfiguration section */

/* Begin XCConfigurationList section */
		944994361B8A1DF400A3E6CF /* Build configuration list for PBXProject "MuseApp" */ = {
			isa = XCConfigurationList;
			buildConfigurations = (
				9449945F1B8A1DF400A3E6CF /* Debug */,
				944994601B8A1DF400A3E6CF /* Release */,
			);
			defaultConfigurationIsVisible = 0;
			defaultConfigurationName = Release;
		};
		944994611B8A1DF400A3E6CF /* Build configuration list for PBXNativeTarget "MuseApp" */ = {
			isa = XCConfigurationList;
			buildConfigurations = (
				944994621B8A1DF400A3E6CF /* Debug */,
				944994631B8A1DF400A3E6CF /* Release */,
			);
			defaultConfigurationIsVisible = 0;
			defaultConfigurationName = Release;
		};
		944994641B8A1DF400A3E6CF /* Build configuration list for PBXNativeTarget "MuseAppTests" */ = {
			isa = XCConfigurationList;
			buildConfigurations = (
				944994651B8A1DF400A3E6CF /* Debug */,
				944994661B8A1DF400A3E6CF /* Release */,
			);
			defaultConfigurationIsVisible = 0;
			defaultConfigurationName = Release;
		};
/* End XCConfigurationList section */

/* Begin XCVersionGroup section */
		944994451B8A1DF400A3E6CF /* MuseApp.xcdatamodeld */ = {
			isa = XCVersionGroup;
			children = (
				944994461B8A1DF400A3E6CF /* MuseApp.xcdatamodel */,
			);
			currentVersion = 944994461B8A1DF400A3E6CF /* MuseApp.xcdatamodel */;
			path = MuseApp.xcdatamodeld;
			sourceTree = "<group>";
			versionGroupType = wrapper.xcdatamodel;
		};
/* End XCVersionGroup section */
	};
	rootObject = 944994331B8A1DF400A3E6CF /* Project object */;
}
